
Microsoft Visual Studio Solution File, Format Version 12.00
# Visual Studio Version 17
VisualStudioVersion = 17.14.37502.11
MinimumVisualStudioVersion = 10.0.40219.1
Project("{FAE04EC0-301F-11D3-BF4B-00C04F79EFBC}") = "SayHello", "D:\ps\SayHello\SayHello.csproj", "{78CF9316-20E4-CC4F-9DEC-14A0AC9B28A8}"
EndProject
Project("{2150E333-8FDC-42A3-9474-1A3956D46DE8}") = "DataTypes", "DataTypes", "{02EA681E-C7D8-13C7-8484-4AC65E1B71E8}"
EndProject
Project("{2150E333-8FDC-42A3-9474-1A3956D46DE8}") = "ASSIUT Sheet", "ASSIUT Sheet", "{D85432E9-9364-46E1-A730-8107C92C2E8C}"
EndProject
Project("{FAE04EC0-301F-11D3-BF4B-00C04F79EFBC}") = "BasicDataTypes", "D:\ps\BasicDataTypes\BasicDataTypes.csproj", "{035A6EC8-5B97-3D6A-798D-F65FEC901AD9}"
EndProject
Project("{FAE04EC0-301F-11D3-BF4B-00C04F79EFBC}") = "SimpleCalculator", "D:\ps\SimpleCalculator\SimpleCalculator.csproj", "{5DD7639B-3D92-96C9-C54B-9DFE4618C800}"
EndProject
Project("{FAE04EC0-301F-11D3-BF4B-00C04F79EFBC}") = "Difference", "D:\ps\Difference\Difference.csproj", "{C317066C-5B14-B4BF-375A-D19506C55EF9}"
EndProject
Project("{FAE04EC0-301F-11D3-BF4B-00C04F79EFBC}") = "AreaOfCircle", "D:\ps\AreaOfCircle\AreaOfCircle.csproj", "{DC5E7D3E-F781-874E-AF64-222830EE57CF}"
EndProject
Project("{FAE04EC0-301F-11D3-BF4B-00C04F79EFBC}") = "DigitsSummation", "D:\ps\DigitsSummation\DigitsSummation.csproj", "{5ED0AEEE-8FB4-92B6-9743-ACFD2F3091DD}"
EndProject
Project("{FAE04EC0-301F-11D3-BF4B-00C04F79EFBC}") = "SummationFrom1ToN", "D:\ps\SummationFrom1ToN\SummationFrom1ToN.csproj", "{9CDADD65-BE6C-C94A-C077-A058C320F32A}"
EndProject
Project("{FAE04EC0-301F-11D3-BF4B-00C04F79EFBC}") = "TwoNumbers", "D:\ps\TwoNumbers\TwoNumbers.csproj", "{4733E891-33AA-17D5-5D80-0D074F8804A6}"
EndProject
Project("{2150E333-8FDC-42A3-9474-1A3956D46DE8}") = "Conditions", "Conditions", "{05EC0284-FEE0-4722-AE53-6FBFFDDFA876}"
EndProject
Project("{2150E333-8FDC-42A3-9474-1A3956D46DE8}") = "ASSIUT Sheet", "ASSIUT Sheet", "{B0F4C713-3C7C-48F5-A6DB-B9BE98DF5D11}"
EndProject
Project("{FAE04EC0-301F-11D3-BF4B-00C04F79EFBC}") = "WelcomeForYouWithConditions", "WelcomeForYouWithConditions\WelcomeForYouWithConditions.csproj", "{E12F5CDF-B49D-47B3-B95B-31C080A75086}"
EndProject
Project("{FAE04EC0-301F-11D3-BF4B-00C04F79EFBC}") = "Multiples", "Multiples\Multiples.csproj", "{5EE7C693-6685-47DE-9F02-B56703F27B56}"
EndProject
Project("{FAE04EC0-301F-11D3-BF4B-00C04F79EFBC}") = "Max&Min", "Max&Min\Max&Min.csproj", "{DB8170AC-E631-4863-97E0-51B94A899A20}"
EndProject
Project("{FAE04EC0-301F-11D3-BF4B-00C04F79EFBC}") = "TheBrothers", "TheBrothers\TheBrothers.csproj", "{8C6FF381-FD14-4B61-8CC3-D6AE7C4CDDBE}"
EndProject
Project("{FAE04EC0-301F-11D3-BF4B-00C04F79EFBC}") = "CapitalOrSmallOrDigit", "CapitalOrSmallOrDigit\CapitalOrSmallOrDigit.csproj", "{0898554E-C9E6-40EE-ACB4-D18EEAF51D80}"
EndProject
Project("{FAE04EC0-301F-11D3-BF4B-00C04F79EFBC}") = "Char", "Char\Char.csproj", "{9889272B-0709-43C2-AE6B-C54B6354A8A4}"
EndProject
Project("{FAE04EC0-301F-11D3-BF4B-00C04F79EFBC}") = "FirstDigit", "FirstDigit\FirstDigit.csproj", "{B8DE1BBA-8F0B-4581-9823-7E8F1AFE030A}"
EndProject
Project("{FAE04EC0-301F-11D3-BF4B-00C04F79EFBC}") = "Calculator", "Calculator\Calculator.csproj", "{BCD8B8AE-BFD7-461F-BA98-73B54A22F322}"
EndProject
Global
	GlobalSection(SolutionConfigurationPlatforms) = preSolution
		Debug|Any CPU = Debug|Any CPU
		Release|Any CPU = Release|Any CPU
	EndGlobalSection
	GlobalSection(ProjectConfigurationPlatforms) = postSolution
		{78CF9316-20E4-CC4F-9DEC-14A0AC9B28A8}.Debug|Any CPU.ActiveCfg = Debug|Any CPU
		{78CF9316-20E4-CC4F-9DEC-14A0AC9B28A8}.Debug|Any CPU.Build.0 = Debug|Any CPU
		{78CF9316-20E4-CC4F-9DEC-14A0AC9B28A8}.Release|Any CPU.ActiveCfg = Release|Any CPU
		{78CF9316-20E4-CC4F-9DEC-14A0AC9B28A8}.Release|Any CPU.Build.0 = Release|Any CPU
		{035A6EC8-5B97-3D6A-798D-F65FEC901AD9}.Debug|Any CPU.ActiveCfg = Debug|Any CPU
		{035A6EC8-5B97-3D6A-798D-F65FEC901AD9}.Debug|Any CPU.Build.0 = Debug|Any CPU
		{035A6EC8-5B97-3D6A-798D-F65FEC901AD9}.Release|Any CPU.ActiveCfg = Release|Any CPU
		{035A6EC8-5B97-3D6A-798D-F65FEC901AD9}.Release|Any CPU.Build.0 = Release|Any CPU
		{5DD7639B-3D92-96C9-C54B-9DFE4618C800}.Debug|Any CPU.ActiveCfg = Debug|Any CPU
		{5DD7639B-3D92-96C9-C54B-9DFE4618C800}.Debug|Any CPU.Build.0 = Debug|Any CPU
		{5DD7639B-3D92-96C9-C54B-9DFE4618C800}.Release|Any CPU.ActiveCfg = Release|Any CPU
		{5DD7639B-3D92-96C9-C54B-9DFE4618C800}.Release|Any CPU.Build.0 = Release|Any CPU
		{C317066C-5B14-B4BF-375A-D19506C55EF9}.Debug|Any CPU.ActiveCfg = Debug|Any CPU
		{C317066C-5B14-B4BF-375A-D19506C55EF9}.Debug|Any CPU.Build.0 = Debug|Any CPU
		{C317066C-5B14-B4BF-375A-D19506C55EF9}.Release|Any CPU.ActiveCfg = Release|Any CPU
		{C317066C-5B14-B4BF-375A-D19506C55EF9}.Release|Any CPU.Build.0 = Release|Any CPU
		{DC5E7D3E-F781-874E-AF64-222830EE57CF}.Debug|Any CPU.ActiveCfg = Debug|Any CPU
		{DC5E7D3E-F781-874E-AF64-222830EE57CF}.Debug|Any CPU.Build.0 = Debug|Any CPU
		{DC5E7D3E-F781-874E-AF64-222830EE57CF}.Release|Any CPU.ActiveCfg = Release|Any CPU
		{DC5E7D3E-F781-874E-AF64-222830EE57CF}.Release|Any CPU.Build.0 = Release|Any CPU
		{5ED0AEEE-8FB4-92B6-9743-ACFD2F3091DD}.Debug|Any CPU.ActiveCfg = Debug|Any CPU
		{5ED0AEEE-8FB4-92B6-9743-ACFD2F3091DD}.Debug|Any CPU.Build.0 = Debug|Any CPU
		{5ED0AEEE-8FB4-92B6-9743-ACFD2F3091DD}.Release|Any CPU.ActiveCfg = Release|Any CPU
		{5ED0AEEE-8FB4-92B6-9743-ACFD2F3091DD}.Release|Any CPU.Build.0 = Release|Any CPU
		{9CDADD65-BE6C-C94A-C077-A058C320F32A}.Debug|Any CPU.ActiveCfg = Debug|Any CPU
		{9CDADD65-BE6C-C94A-C077-A058C320F32A}.Debug|Any CPU.Build.0 = Debug|Any CPU
		{9CDADD65-BE6C-C94A-C077-A058C320F32A}.Release|Any CPU.ActiveCfg = Release|Any CPU
		{9CDADD65-BE6C-C94A-C077-A058C320F32A}.Release|Any CPU.Build.0 = Release|Any CPU
		{4733E891-33AA-17D5-5D80-0D074F8804A6}.Debug|Any CPU.ActiveCfg = Debug|Any CPU
		{4733E891-33AA-17D5-5D80-0D074F8804A6}.Debug|Any CPU.Build.0 = Debug|Any CPU
		{4733E891-33AA-17D5-5D80-0D074F8804A6}.Release|Any CPU.ActiveCfg = Release|Any CPU
		{4733E891-33AA-17D5-5D80-0D074F8804A6}.Release|Any CPU.Build.0 = Release|Any CPU
		{E12F5CDF-B49D-47B3-B95B-31C080A75086}.Debug|Any CPU.ActiveCfg = Debug|Any CPU
		{E12F5CDF-B49D-47B3-B95B-31C080A75086}.Debug|Any CPU.Build.0 = Debug|Any CPU
		{E12F5CDF-B49D-47B3-B95B-31C080A75086}.Release|Any CPU.ActiveCfg = Release|Any CPU
		{E12F5CDF-B49D-47B3-B95B-31C080A75086}.Release|Any CPU.Build.0 = Release|Any CPU
		{5EE7C693-6685-47DE-9F02-B56703F27B56}.Debug|Any CPU.ActiveCfg = Debug|Any CPU
		{5EE7C693-6685-47DE-9F02-B56703F27B56}.Debug|Any CPU.Build.0 = Debug|Any CPU
		{5EE7C693-6685-47DE-9F02-B56703F27B56}.Release|Any CPU.ActiveCfg = Release|Any CPU
		{5EE7C693-6685-47DE-9F02-B56703F27B56}.Release|Any CPU.Build.0 = Release|Any CPU
		{DB8170AC-E631-4863-97E0-51B94A899A20}.Debug|Any CPU.ActiveCfg = Debug|Any CPU
		{DB8170AC-E631-4863-97E0-51B94A899A20}.Debug|Any CPU.Build.0 = Debug|Any CPU
		{DB8170AC-E631-4863-97E0-51B94A899A20}.Release|Any CPU.ActiveCfg = Release|Any CPU
		{DB8170AC-E631-4863-97E0-51B94A899A20}.Release|Any CPU.Build.0 = Release|Any CPU
		{8C6FF381-FD14-4B61-8CC3-D6AE7C4CDDBE}.Debug|Any CPU.ActiveCfg = Debug|Any CPU
		{8C6FF381-FD14-4B61-8CC3-D6AE7C4CDDBE}.Debug|Any CPU.Build.0 = Debug|Any CPU
		{8C6FF381-FD14-4B61-8CC3-D6AE7C4CDDBE}.Release|Any CPU.ActiveCfg = Release|Any CPU
		{8C6FF381-FD14-4B61-8CC3-D6AE7C4CDDBE}.Release|Any CPU.Build.0 = Release|Any CPU
		{0898554E-C9E6-40EE-ACB4-D18EEAF51D80}.Debug|Any CPU.ActiveCfg = Debug|Any CPU
		{0898554E-C9E6-40EE-ACB4-D18EEAF51D80}.Debug|Any CPU.Build.0 = Debug|Any CPU
		{0898554E-C9E6-40EE-ACB4-D18EEAF51D80}.Release|Any CPU.ActiveCfg = Release|Any CPU
		{0898554E-C9E6-40EE-ACB4-D18EEAF51D80}.Release|Any CPU.Build.0 = Release|Any CPU
		{9889272B-0709-43C2-AE6B-C54B6354A8A4}.Debug|Any CPU.ActiveCfg = Debug|Any CPU
		{9889272B-0709-43C2-AE6B-C54B6354A8A4}.Debug|Any CPU.Build.0 = Debug|Any CPU
		{9889272B-0709-43C2-AE6B-C54B6354A8A4}.Release|Any CPU.ActiveCfg = Release|Any CPU
		{9889272B-0709-43C2-AE6B-C54B6354A8A4}.Release|Any CPU.Build.0 = Release|Any CPU
		{B8DE1BBA-8F0B-4581-9823-7E8F1AFE030A}.Debug|Any CPU.ActiveCfg = Debug|Any CPU
		{B8DE1BBA-8F0B-4581-9823-7E8F1AFE030A}.Debug|Any CPU.Build.0 = Debug|Any CPU
		{B8DE1BBA-8F0B-4581-9823-7E8F1AFE030A}.Release|Any CPU.ActiveCfg = Release|Any CPU
		{B8DE1BBA-8F0B-4581-9823-7E8F1AFE030A}.Release|Any CPU.Build.0 = Release|Any CPU
		{BCD8B8AE-BFD7-461F-BA98-73B54A22F322}.Debug|Any CPU.ActiveCfg = Debug|Any CPU
		{BCD8B8AE-BFD7-461F-BA98-73B54A22F322}.Debug|Any CPU.Build.0 = Debug|Any CPU
		{BCD8B8AE-BFD7-461F-BA98-73B54A22F322}.Release|Any CPU.ActiveCfg = Release|Any CPU
		{BCD8B8AE-BFD7-461F-BA98-73B54A22F322}.Release|Any CPU.Build.0 = Release|Any CPU
	EndGlobalSection
	GlobalSection(SolutionProperties) = preSolution
		HideSolutionNode = FALSE
	EndGlobalSection
	GlobalSection(NestedProjects) = preSolution
		{78CF9316-20E4-CC4F-9DEC-14A0AC9B28A8} = {D85432E9-9364-46E1-A730-8107C92C2E8C}
		{D85432E9-9364-46E1-A730-8107C92C2E8C} = {02EA681E-C7D8-13C7-8484-4AC65E1B71E8}
		{035A6EC8-5B97-3D6A-798D-F65FEC901AD9} = {D85432E9-9364-46E1-A730-8107C92C2E8C}
		{5DD7639B-3D92-96C9-C54B-9DFE4618C800} = {D85432E9-9364-46E1-A730-8107C92C2E8C}
		{C317066C-5B14-B4BF-375A-D19506C55EF9} = {D85432E9-9364-46E1-A730-8107C92C2E8C}
		{DC5E7D3E-F781-874E-AF64-222830EE57CF} = {D85432E9-9364-46E1-A730-8107C92C2E8C}
		{5ED0AEEE-8FB4-92B6-9743-ACFD2F3091DD} = {D85432E9-9364-46E1-A730-8107C92C2E8C}
		{9CDADD65-BE6C-C94A-C077-A058C320F32A} = {D85432E9-9364-46E1-A730-8107C92C2E8C}
		{4733E891-33AA-17D5-5D80-0D074F8804A6} = {D85432E9-9364-46E1-A730-8107C92C2E8C}
		{B0F4C713-3C7C-48F5-A6DB-B9BE98DF5D11} = {05EC0284-FEE0-4722-AE53-6FBFFDDFA876}
		{E12F5CDF-B49D-47B3-B95B-31C080A75086} = {B0F4C713-3C7C-48F5-A6DB-B9BE98DF5D11}
		{5EE7C693-6685-47DE-9F02-B56703F27B56} = {B0F4C713-3C7C-48F5-A6DB-B9BE98DF5D11}
		{DB8170AC-E631-4863-97E0-51B94A899A20} = {B0F4C713-3C7C-48F5-A6DB-B9BE98DF5D11}
		{8C6FF381-FD14-4B61-8CC3-D6AE7C4CDDBE} = {B0F4C713-3C7C-48F5-A6DB-B9BE98DF5D11}
		{0898554E-C9E6-40EE-ACB4-D18EEAF51D80} = {B0F4C713-3C7C-48F5-A6DB-B9BE98DF5D11}
		{9889272B-0709-43C2-AE6B-C54B6354A8A4} = {B0F4C713-3C7C-48F5-A6DB-B9BE98DF5D11}
		{B8DE1BBA-8F0B-4581-9823-7E8F1AFE030A} = {B0F4C713-3C7C-48F5-A6DB-B9BE98DF5D11}
		{BCD8B8AE-BFD7-461F-BA98-73B54A22F322} = {B0F4C713-3C7C-48F5-A6DB-B9BE98DF5D11}
	EndGlobalSection
	GlobalSection(ExtensibilityGlobals) = postSolution
		SolutionGuid = {1E2E642E-3DE2-4269-A4CF-D632969CB3F8}
	EndGlobalSection
EndGlobal
