
Microsoft Visual Studio Solution File, Format Version 12.00
# Visual Studio Version 17
VisualStudioVersion = 17.14.37502.11
MinimumVisualStudioVersion = 10.0.40219.1
Project("{FAE04EC0-301F-11D3-BF4B-00C04F79EFBC}") = "SayHello", "D:\ps\SayHello\SayHello.csproj", "{78CF9316-20E4-CC4F-9DEC-14A0AC9B28A8}"
EndProject
Project("{2150E333-8FDC-42A3-9474-1A3956D46DE8}") = "DataTypes", "DataTypes", "{02EA681E-C7D8-13C7-8484-4AC65E1B71E8}"
EndProject
Project("{2150E333-8FDC-42A3-9474-1A3956D46DE8}") = "ASSIUT Sheet", "ASSIUT Sheet", "{D85432E9-9364-46E1-A730-8107C92C2E8C}"
EndProject
Project("{FAE04EC0-301F-11D3-BF4B-00C04F79EFBC}") = "BasicDataTypes", "D:\ps\BasicDataTypes\BasicDataTypes.csproj", "{035A6EC8-5B97-3D6A-798D-F65FEC901AD9}"
EndProject
Project("{FAE04EC0-301F-11D3-BF4B-00C04F79EFBC}") = "SimpleCalculator", "D:\ps\SimpleCalculator\SimpleCalculator.csproj", "{5DD7639B-3D92-96C9-C54B-9DFE4618C800}"
EndProject
Project("{FAE04EC0-301F-11D3-BF4B-00C04F79EFBC}") = "Difference", "D:\ps\Difference\Difference.csproj", "{C317066C-5B14-B4BF-375A-D19506C55EF9}"
EndProject
Project("{FAE04EC0-301F-11D3-BF4B-00C04F79EFBC}") = "AreaOfCircle", "D:\ps\AreaOfCircle\AreaOfCircle.csproj", "{DC5E7D3E-F781-874E-AF64-222830EE57CF}"
EndProject
Project("{FAE04EC0-301F-11D3-BF4B-00C04F79EFBC}") = "DigitsSummation", "D:\ps\DigitsSummation\DigitsSummation.csproj", "{5ED0AEEE-8FB4-92B6-9743-ACFD2F3091DD}"
EndProject
Project("{FAE04EC0-301F-11D3-BF4B-00C04F79EFBC}") = "SummationFrom1ToN", "D:\ps\SummationFrom1ToN\SummationFrom1ToN.csproj", "{9CDADD65-BE6C-C94A-C077-A058C320F32A}"
EndProject
Project("{FAE04EC0-301F-11D3-BF4B-00C04F79EFBC}") = "TwoNumbers", "D:\ps\TwoNumbers\TwoNumbers.csproj", "{4733E891-33AA-17D5-5D80-0D074F8804A6}"
EndProject
Project("{2150E333-8FDC-42A3-9474-1A3956D46DE8}") = "Conditions", "Conditions", "{05EC0284-FEE0-4722-AE53-6FBFFDDFA876}"
EndProject
Project("{2150E333-8FDC-42A3-9474-1A3956D46DE8}") = "ASSIUT Sheet", "ASSIUT Sheet", "{B0F4C713-3C7C-48F5-A6DB-B9BE98DF5D11}"
EndProject
Project("{FAE04EC0-301F-11D3-BF4B-00C04F79EFBC}") = "CapitalOrSmallOrDigit", "CapitalOrSmallOrDigit\CapitalOrSmallOrDigit.csproj", "{0898554E-C9E6-40EE-ACB4-D18EEAF51D80}"
EndProject
Project("{FAE04EC0-301F-11D3-BF4B-00C04F79EFBC}") = "Char", "Char\Char.csproj", "{9889272B-0709-43C2-AE6B-C54B6354A8A4}"
EndProject
Project("{FAE04EC0-301F-11D3-BF4B-00C04F79EFBC}") = "FirstDigit", "FirstDigit\FirstDigit.csproj", "{B8DE1BBA-8F0B-4581-9823-7E8F1AFE030A}"
EndProject
Project("{FAE04EC0-301F-11D3-BF4B-00C04F79EFBC}") = "Calculator", "Calculator\Calculator.csproj", "{BCD8B8AE-BFD7-461F-BA98-73B54A22F322}"
EndProject
Project("{FAE04EC0-301F-11D3-BF4B-00C04F79EFBC}") = "CoordinatesOfPoint", "CoordinatesOfPoint\CoordinatesOfPoint.csproj", "{BD7B966A-B6F3-4BEC-99A8-4AEE73C5DE30}"
EndProject
Project("{FAE04EC0-301F-11D3-BF4B-00C04F79EFBC}") = "AgeInDays", "AgeInDays\AgeInDays.csproj", "{C392F988-6BE0-4233-A9AE-882280EB2EB9}"
EndProject
Project("{FAE04EC0-301F-11D3-BF4B-00C04F79EFBC}") = "Interval", "Interval\Interval.csproj", "{23E40088-6E01-4112-8F3F-3156E7430FF2}"
EndProject
Project("{FAE04EC0-301F-11D3-BF4B-00C04F79EFBC}") = "SortNumbers", "SortNumbers\SortNumbers.csproj", "{EE9A6FFB-660E-4758-8722-DBC3664DAA99}"
EndProject
Project("{FAE04EC0-301F-11D3-BF4B-00C04F79EFBC}") = "Comparison", "Comparison\Comparison.csproj", "{453E3606-E69F-4E6A-B4C5-987B4D9E0BBD}"
EndProject
Project("{FAE04EC0-301F-11D3-BF4B-00C04F79EFBC}") = "FloatOrInt", "FloatOrInt\FloatOrInt.csproj", "{162F7F25-5AE8-44ED-A3EF-DEF83F541F31}"
EndProject
Project("{FAE04EC0-301F-11D3-BF4B-00C04F79EFBC}") = "MathematicalExpression", "MathematicalExpression\MathematicalExpression.csproj", "{67915698-AC29-452C-B27E-D4F4379F0504}"
EndProject
Project("{FAE04EC0-301F-11D3-BF4B-00C04F79EFBC}") = "TwoIntervals", "TwoIntervals\TwoIntervals.csproj", "{A0C38E3F-9C86-45BF-9404-24A5584F4EEF}"
EndProject
Project("{FAE04EC0-301F-11D3-BF4B-00C04F79EFBC}") = "TheLast2Digits", "TheLast2Digits\TheLast2Digits.csproj", "{8EDF6136-F58F-4EB8-80B0-82FE1F6A839E}"
EndProject
Project("{FAE04EC0-301F-11D3-BF4B-00C04F79EFBC}") = "HardCompare", "HardCompare\HardCompare.csproj", "{95593B78-5AAC-47B8-BEA5-C0BE893AE2F6}"
EndProject
Project("{FAE04EC0-301F-11D3-BF4B-00C04F79EFBC}") = "TheBrothers", "TheBrothers\TheBrothers.csproj", "{342C259D-1639-4778-AB7F-57A26E618B43}"
EndProject
Project("{FAE04EC0-301F-11D3-BF4B-00C04F79EFBC}") = "Max&Min", "Max&Min\Max&Min.csproj", "{F210933D-93A8-4795-97E4-FBA8F41C39B5}"
EndProject
Project("{FAE04EC0-301F-11D3-BF4B-00C04F79EFBC}") = "Multiples", "Multiples\Multiples.csproj", "{20E199B3-BA8F-4463-83D1-82C7FCD8DABE}"
EndProject
Project("{FAE04EC0-301F-11D3-BF4B-00C04F79EFBC}") = "WelcomeForYouWithConditions", "WelcomeForYouWithConditions\WelcomeForYouWithConditions.csproj", "{E4EC871E-3049-410E-985C-8DE29A45B9BE}"
EndProject
Project("{2150E333-8FDC-42A3-9474-1A3956D46DE8}") = "Loops", "Loops", "{F5CBE03D-1D53-497C-9472-56BA9C7DE832}"
EndProject
Project("{2150E333-8FDC-42A3-9474-1A3956D46DE8}") = "ASSIUT Sheet", "ASSIUT Sheet", "{BFDEEE1D-D23A-4152-A7BD-DE31366E09F1}"
EndProject
Project("{FAE04EC0-301F-11D3-BF4B-00C04F79EFBC}") = "1ToN", "1ToN\1ToN.csproj", "{1567B8CD-24A8-40B5-9FF4-6F3EC056EC77}"
EndProject
Project("{FAE04EC0-301F-11D3-BF4B-00C04F79EFBC}") = "EvenNumbers", "EvenNumbers\EvenNumbers.csproj", "{CF370CE9-4375-425A-9C5F-9C625DCE204D}"
EndProject
Project("{FAE04EC0-301F-11D3-BF4B-00C04F79EFBC}") = "FixedPassword", "FixedPassword\FixedPassword.csproj", "{EBB70CFD-AD23-4F8D-915D-72BC154A381A}"
EndProject
Project("{FAE04EC0-301F-11D3-BF4B-00C04F79EFBC}") = "Max", "Max\Max.csproj", "{F02713D8-91D3-4E80-A5E2-604D6D024853}"
EndProject
Project("{FAE04EC0-301F-11D3-BF4B-00C04F79EFBC}") = "MultiplicationTable", "MultiplicationTable\MultiplicationTable.csproj", "{D9341C40-0ED9-4F3B-928F-9BB16F00B3B6}"
EndProject
Project("{FAE04EC0-301F-11D3-BF4B-00C04F79EFBC}") = "Factorial", "Factorial\Factorial.csproj", "{9737A678-C8B2-4A0B-B70B-9BBD46FEC30C}"
EndProject
Project("{FAE04EC0-301F-11D3-BF4B-00C04F79EFBC}") = "OnePrime", "OnePrime\OnePrime.csproj", "{AF34A009-408D-4C99-A6FC-AB6679A8A374}"
EndProject
Project("{FAE04EC0-301F-11D3-BF4B-00C04F79EFBC}") = "Palindrome", "Palindrome\Palindrome.csproj", "{CC07D7AC-2AD7-4DB9-B1E9-6969CDCCEB4F}"
EndProject
Project("{FAE04EC0-301F-11D3-BF4B-00C04F79EFBC}") = "EvenOddPositiveNegative", "EvenOddPositiveNegative\EvenOddPositiveNegative.csproj", "{E395734C-BA29-4513-9A63-C57E08B566D5}"
EndProject
Project("{FAE04EC0-301F-11D3-BF4B-00C04F79EFBC}") = "PrimesFrom1ToN", "PrimesFrom1ToN\PrimesFrom1ToN.csproj", "{F25BDD02-F394-4788-827B-F635FC2EFAEF}"
EndProject
Project("{FAE04EC0-301F-11D3-BF4B-00C04F79EFBC}") = "Divisors", "Divisors\Divisors.csproj", "{04D968F4-DDBA-4126-A828-C56508035380}"
EndProject
Project("{FAE04EC0-301F-11D3-BF4B-00C04F79EFBC}") = "GCD", "GCD\GCD.csproj", "{685A7E1D-382B-4339-9B32-E2E23928C190}"
EndProject
Project("{FAE04EC0-301F-11D3-BF4B-00C04F79EFBC}") = "LuckyNumbers", "LuckyNumbers\LuckyNumbers.csproj", "{48967E61-AD01-41CA-AACD-F3451DC50CC1}"
EndProject
Project("{FAE04EC0-301F-11D3-BF4B-00C04F79EFBC}") = "NumbersHistogram", "NumbersHistogram\NumbersHistogram.csproj", "{8EDC0423-263F-4F58-A9F1-968C1145A09B}"
EndProject
Project("{FAE04EC0-301F-11D3-BF4B-00C04F79EFBC}") = "Pyramid", "Pyramid\Pyramid.csproj", "{6B4F45B0-3760-48C4-B2B0-4DF335112FCD}"
EndProject
Project("{FAE04EC0-301F-11D3-BF4B-00C04F79EFBC}") = "Shape1", "Shape1\Shape1.csproj", "{A9A9EC63-41AA-4B69-809C-640772A65D0A}"
EndProject
Project("{FAE04EC0-301F-11D3-BF4B-00C04F79EFBC}") = "Digits", "Digits\Digits.csproj", "{CED2BB12-9A83-455E-B9EA-0AAB092679DE}"
EndProject
Project("{FAE04EC0-301F-11D3-BF4B-00C04F79EFBC}") = "SequenceOfNumbers&Sum", "SequenceOfNumbers&Sum\SequenceOfNumbers&Sum.csproj", "{A1D22E17-1F19-4162-90E1-3EBABB367BB0}"
EndProject
Project("{FAE04EC0-301F-11D3-BF4B-00C04F79EFBC}") = "Shape2", "Shape2\Shape2.csproj", "{51B2A672-2219-4BD5-B157-05697B251210}"
EndProject
Project("{FAE04EC0-301F-11D3-BF4B-00C04F79EFBC}") = "Shape3", "Shape3\Shape3.csproj", "{9185B834-AC6A-40EC-A188-5427C0AFC98D}"
EndProject
Project("{FAE04EC0-301F-11D3-BF4B-00C04F79EFBC}") = "SumOfConsecutiveOddNumbers", "SumOfConsecutiveOddNumbers\SumOfConsecutiveOddNumbers.csproj", "{22AC6D88-5E5F-4D15-9780-1A58C5821721}"
EndProject
Project("{FAE04EC0-301F-11D3-BF4B-00C04F79EFBC}") = "SomeSums", "SomeSums\SomeSums.csproj", "{71693E76-647F-4BAA-A374-64B4D79733CA}"
EndProject
Project("{FAE04EC0-301F-11D3-BF4B-00C04F79EFBC}") = "PUM", "PUM\PUM.csproj", "{D144A99E-071A-4AA4-9B5A-C36D16D09E40}"
EndProject
Project("{FAE04EC0-301F-11D3-BF4B-00C04F79EFBC}") = "ConvertToDecimal", "ConvertToDecimal\ConvertToDecimal.csproj", "{85CB8F7F-249A-4D43-8BCE-8B3FC2C29B43}"
EndProject
Project("{FAE04EC0-301F-11D3-BF4B-00C04F79EFBC}") = "EasyFibonacci", "EasyFibonacci\EasyFibonacci.csproj", "{35E15198-557A-47C5-8651-9E2C76F5CE6B}"
EndProject
Project("{FAE04EC0-301F-11D3-BF4B-00C04F79EFBC}") = "ThreeNumbers", "ThreeNumbers\ThreeNumbers.csproj", "{5A73E2C7-4EA5-40BF-91F1-A60D379854FD}"
EndProject
Project("{2150E333-8FDC-42A3-9474-1A3956D46DE8}") = "Arrays", "Arrays", "{1B0F6E07-ABF3-4190-B3BA-1FFC820233C2}"
EndProject
Project("{2150E333-8FDC-42A3-9474-1A3956D46DE8}") = "ASSIUT Sheet", "ASSIUT Sheet", "{0F8BB2D8-418E-4CA3-AA8E-6490AAF56DFD}"
EndProject
Project("{FAE04EC0-301F-11D3-BF4B-00C04F79EFBC}") = "Summation", "Summation\Summation.csproj", "{5917B4F5-2503-45D3-B847-E5731F569958}"
EndProject
Project("{FAE04EC0-301F-11D3-BF4B-00C04F79EFBC}") = "Searching", "Searching\Searching.csproj", "{9DAF8CAB-7052-4D68-B8F9-F5033359F919}"
EndProject
Project("{FAE04EC0-301F-11D3-BF4B-00C04F79EFBC}") = "Replacement", "Replacement\Replacement.csproj", "{C6AB5151-9ACF-4971-A8D1-3709DD206FE5}"
EndProject
Project("{FAE04EC0-301F-11D3-BF4B-00C04F79EFBC}") = "PositionInArray", "PositionInArray\PositionInArray.csproj", "{193820A0-2DA1-40C0-AAD1-69475BE431BA}"
EndProject
Project("{FAE04EC0-301F-11D3-BF4B-00C04F79EFBC}") = "Reversing", "Reversing\Reversing.csproj", "{08075379-87C2-4C0E-B3D2-64277F85538D}"
EndProject
Project("{FAE04EC0-301F-11D3-BF4B-00C04F79EFBC}") = "PalindromeArray", "PalindromeArray\PalindromeArray.csproj", "{8B3D8880-BA5F-4693-8F21-EA651655F313}"
EndProject
Project("{FAE04EC0-301F-11D3-BF4B-00C04F79EFBC}") = "LowestNumber", "LowestNumber\LowestNumber.csproj", "{64CF9864-C877-4401-B340-D96D20480409}"
EndProject
Project("{FAE04EC0-301F-11D3-BF4B-00C04F79EFBC}") = "Sorting", "Sorting\Sorting.csproj", "{50A2FA67-C9D8-48A3-86F1-DB64354EF343}"
EndProject
Project("{FAE04EC0-301F-11D3-BF4B-00C04F79EFBC}") = "SmallestPair", "SmallestPair\SmallestPair.csproj", "{E96399AA-ADDF-458F-B192-4A72490FCCEC}"
EndProject
Project("{FAE04EC0-301F-11D3-BF4B-00C04F79EFBC}") = "LuckyArray", "LuckyArray\LuckyArray.csproj", "{829B33E8-AC23-4043-9E4D-CC28D89C530E}"
EndProject
Project("{FAE04EC0-301F-11D3-BF4B-00C04F79EFBC}") = "SumDigits", "SumDigits\SumDigits.csproj", "{FC77C0C0-4900-47C4-BEC2-D8AB42494FF2}"
EndProject
Project("{FAE04EC0-301F-11D3-BF4B-00C04F79EFBC}") = "MaxSubArray", "MaxSubArray\MaxSubArray.csproj", "{B97B0872-C2A2-4967-86A8-7B0765CB2E51}"
EndProject
Project("{FAE04EC0-301F-11D3-BF4B-00C04F79EFBC}") = "ReplaceMinMax", "ReplaceMinMax\ReplaceMinMax.csproj", "{A988A328-F402-4AD4-80F8-451CE5E837D5}"
EndProject
Project("{FAE04EC0-301F-11D3-BF4B-00C04F79EFBC}") = "CheckCode", "CheckCode\CheckCode.csproj", "{D5645491-6A84-4740-BDF4-F0CB77B00988}"
EndProject
Project("{FAE04EC0-301F-11D3-BF4B-00C04F79EFBC}") = "Fibonacci", "Fibonacci\Fibonacci.csproj", "{78501151-F096-47F1-85FE-5C23F871F78E}"
EndProject
Project("{FAE04EC0-301F-11D3-BF4B-00C04F79EFBC}") = "MinimizeNumber", "MinimizeNumber\MinimizeNumber.csproj", "{F72F47F4-7FE1-4E6A-B373-BD16B3B645C0}"
EndProject
Project("{FAE04EC0-301F-11D3-BF4B-00C04F79EFBC}") = "CountSubArrays", "CountSubArrays\CountSubArrays.csproj", "{0B9C8864-F447-48E9-A78C-9FBE8F65BE36}"
EndProject
Project("{FAE04EC0-301F-11D3-BF4B-00C04F79EFBC}") = "PermutationWithArrays", "PermutationWithArrays\PermutationWithArrays.csproj", "{744C3E94-28E9-4A47-B241-4B79751D1B39}"
EndProject
Project("{FAE04EC0-301F-11D3-BF4B-00C04F79EFBC}") = "SearchInMatrix", "SearchInMatrix\SearchInMatrix.csproj", "{51BD04E0-8ED7-4C90-AD56-186811601AA2}"
EndProject
Project("{FAE04EC0-301F-11D3-BF4B-00C04F79EFBC}") = "Matrix", "Matrix\Matrix.csproj", "{E14F53B4-E493-49F4-862B-C828CB4FA143}"
EndProject
Project("{FAE04EC0-301F-11D3-BF4B-00C04F79EFBC}") = "IsBSubsequenceOfA", "IsBSubsequenceOfA\IsBSubsequenceOfA.csproj", "{7AD9F561-1D80-4411-B61F-029C66B00059}"
EndProject
Project("{FAE04EC0-301F-11D3-BF4B-00C04F79EFBC}") = "FrequencyArray", "FrequencyArray\FrequencyArray.csproj", "{FD0BEEE2-1F09-4E4D-A9D3-2A71CF9CC20E}"
EndProject
Project("{FAE04EC0-301F-11D3-BF4B-00C04F79EFBC}") = "MirrorArray", "MirrorArray\MirrorArray.csproj", "{DF3B86A2-06E2-4B1F-AF07-DD787E8744E6}"
EndProject
Project("{FAE04EC0-301F-11D3-BF4B-00C04F79EFBC}") = "Neighbors", "Neighbors\Neighbors.csproj", "{E26E7700-EBBC-47CB-8431-A05CEDD5CD9E}"
EndProject
Global
	GlobalSection(SolutionConfigurationPlatforms) = preSolution
		Debug|Any CPU = Debug|Any CPU
		Release|Any CPU = Release|Any CPU
	EndGlobalSection
	GlobalSection(ProjectConfigurationPlatforms) = postSolution
		{78CF9316-20E4-CC4F-9DEC-14A0AC9B28A8}.Debug|Any CPU.ActiveCfg = Debug|Any CPU
		{78CF9316-20E4-CC4F-9DEC-14A0AC9B28A8}.Debug|Any CPU.Build.0 = Debug|Any CPU
		{78CF9316-20E4-CC4F-9DEC-14A0AC9B28A8}.Release|Any CPU.ActiveCfg = Release|Any CPU
		{78CF9316-20E4-CC4F-9DEC-14A0AC9B28A8}.Release|Any CPU.Build.0 = Release|Any CPU
		{035A6EC8-5B97-3D6A-798D-F65FEC901AD9}.Debug|Any CPU.ActiveCfg = Debug|Any CPU
		{035A6EC8-5B97-3D6A-798D-F65FEC901AD9}.Debug|Any CPU.Build.0 = Debug|Any CPU
		{035A6EC8-5B97-3D6A-798D-F65FEC901AD9}.Release|Any CPU.ActiveCfg = Release|Any CPU
		{035A6EC8-5B97-3D6A-798D-F65FEC901AD9}.Release|Any CPU.Build.0 = Release|Any CPU
		{5DD7639B-3D92-96C9-C54B-9DFE4618C800}.Debug|Any CPU.ActiveCfg = Debug|Any CPU
		{5DD7639B-3D92-96C9-C54B-9DFE4618C800}.Debug|Any CPU.Build.0 = Debug|Any CPU
		{5DD7639B-3D92-96C9-C54B-9DFE4618C800}.Release|Any CPU.ActiveCfg = Release|Any CPU
		{5DD7639B-3D92-96C9-C54B-9DFE4618C800}.Release|Any CPU.Build.0 = Release|Any CPU
		{C317066C-5B14-B4BF-375A-D19506C55EF9}.Debug|Any CPU.ActiveCfg = Debug|Any CPU
		{C317066C-5B14-B4BF-375A-D19506C55EF9}.Debug|Any CPU.Build.0 = Debug|Any CPU
		{C317066C-5B14-B4BF-375A-D19506C55EF9}.Release|Any CPU.ActiveCfg = Release|Any CPU
		{C317066C-5B14-B4BF-375A-D19506C55EF9}.Release|Any CPU.Build.0 = Release|Any CPU
		{DC5E7D3E-F781-874E-AF64-222830EE57CF}.Debug|Any CPU.ActiveCfg = Debug|Any CPU
		{DC5E7D3E-F781-874E-AF64-222830EE57CF}.Debug|Any CPU.Build.0 = Debug|Any CPU
		{DC5E7D3E-F781-874E-AF64-222830EE57CF}.Release|Any CPU.ActiveCfg = Release|Any CPU
		{DC5E7D3E-F781-874E-AF64-222830EE57CF}.Release|Any CPU.Build.0 = Release|Any CPU
		{5ED0AEEE-8FB4-92B6-9743-ACFD2F3091DD}.Debug|Any CPU.ActiveCfg = Debug|Any CPU
		{5ED0AEEE-8FB4-92B6-9743-ACFD2F3091DD}.Debug|Any CPU.Build.0 = Debug|Any CPU
		{5ED0AEEE-8FB4-92B6-9743-ACFD2F3091DD}.Release|Any CPU.ActiveCfg = Release|Any CPU
		{5ED0AEEE-8FB4-92B6-9743-ACFD2F3091DD}.Release|Any CPU.Build.0 = Release|Any CPU
		{9CDADD65-BE6C-C94A-C077-A058C320F32A}.Debug|Any CPU.ActiveCfg = Debug|Any CPU
		{9CDADD65-BE6C-C94A-C077-A058C320F32A}.Debug|Any CPU.Build.0 = Debug|Any CPU
		{9CDADD65-BE6C-C94A-C077-A058C320F32A}.Release|Any CPU.ActiveCfg = Release|Any CPU
		{9CDADD65-BE6C-C94A-C077-A058C320F32A}.Release|Any CPU.Build.0 = Release|Any CPU
		{4733E891-33AA-17D5-5D80-0D074F8804A6}.Debug|Any CPU.ActiveCfg = Debug|Any CPU
		{4733E891-33AA-17D5-5D80-0D074F8804A6}.Debug|Any CPU.Build.0 = Debug|Any CPU
		{4733E891-33AA-17D5-5D80-0D074F8804A6}.Release|Any CPU.ActiveCfg = Release|Any CPU
		{4733E891-33AA-17D5-5D80-0D074F8804A6}.Release|Any CPU.Build.0 = Release|Any CPU
		{0898554E-C9E6-40EE-ACB4-D18EEAF51D80}.Debug|Any CPU.ActiveCfg = Debug|Any CPU
		{0898554E-C9E6-40EE-ACB4-D18EEAF51D80}.Debug|Any CPU.Build.0 = Debug|Any CPU
		{0898554E-C9E6-40EE-ACB4-D18EEAF51D80}.Release|Any CPU.ActiveCfg = Release|Any CPU
		{0898554E-C9E6-40EE-ACB4-D18EEAF51D80}.Release|Any CPU.Build.0 = Release|Any CPU
		{9889272B-0709-43C2-AE6B-C54B6354A8A4}.Debug|Any CPU.ActiveCfg = Debug|Any CPU
		{9889272B-0709-43C2-AE6B-C54B6354A8A4}.Debug|Any CPU.Build.0 = Debug|Any CPU
		{9889272B-0709-43C2-AE6B-C54B6354A8A4}.Release|Any CPU.ActiveCfg = Release|Any CPU
		{9889272B-0709-43C2-AE6B-C54B6354A8A4}.Release|Any CPU.Build.0 = Release|Any CPU
		{B8DE1BBA-8F0B-4581-9823-7E8F1AFE030A}.Debug|Any CPU.ActiveCfg = Debug|Any CPU
		{B8DE1BBA-8F0B-4581-9823-7E8F1AFE030A}.Debug|Any CPU.Build.0 = Debug|Any CPU
		{B8DE1BBA-8F0B-4581-9823-7E8F1AFE030A}.Release|Any CPU.ActiveCfg = Release|Any CPU
		{B8DE1BBA-8F0B-4581-9823-7E8F1AFE030A}.Release|Any CPU.Build.0 = Release|Any CPU
		{BCD8B8AE-BFD7-461F-BA98-73B54A22F322}.Debug|Any CPU.ActiveCfg = Debug|Any CPU
		{BCD8B8AE-BFD7-461F-BA98-73B54A22F322}.Debug|Any CPU.Build.0 = Debug|Any CPU
		{BCD8B8AE-BFD7-461F-BA98-73B54A22F322}.Release|Any CPU.ActiveCfg = Release|Any CPU
		{BCD8B8AE-BFD7-461F-BA98-73B54A22F322}.Release|Any CPU.Build.0 = Release|Any CPU
		{BD7B966A-B6F3-4BEC-99A8-4AEE73C5DE30}.Debug|Any CPU.ActiveCfg = Debug|Any CPU
		{BD7B966A-B6F3-4BEC-99A8-4AEE73C5DE30}.Debug|Any CPU.Build.0 = Debug|Any CPU
		{BD7B966A-B6F3-4BEC-99A8-4AEE73C5DE30}.Release|Any CPU.ActiveCfg = Release|Any CPU
		{BD7B966A-B6F3-4BEC-99A8-4AEE73C5DE30}.Release|Any CPU.Build.0 = Release|Any CPU
		{C392F988-6BE0-4233-A9AE-882280EB2EB9}.Debug|Any CPU.ActiveCfg = Debug|Any CPU
		{C392F988-6BE0-4233-A9AE-882280EB2EB9}.Debug|Any CPU.Build.0 = Debug|Any CPU
		{C392F988-6BE0-4233-A9AE-882280EB2EB9}.Release|Any CPU.ActiveCfg = Release|Any CPU
		{C392F988-6BE0-4233-A9AE-882280EB2EB9}.Release|Any CPU.Build.0 = Release|Any CPU
		{23E40088-6E01-4112-8F3F-3156E7430FF2}.Debug|Any CPU.ActiveCfg = Debug|Any CPU
		{23E40088-6E01-4112-8F3F-3156E7430FF2}.Debug|Any CPU.Build.0 = Debug|Any CPU
		{23E40088-6E01-4112-8F3F-3156E7430FF2}.Release|Any CPU.ActiveCfg = Release|Any CPU
		{23E40088-6E01-4112-8F3F-3156E7430FF2}.Release|Any CPU.Build.0 = Release|Any CPU
		{EE9A6FFB-660E-4758-8722-DBC3664DAA99}.Debug|Any CPU.ActiveCfg = Debug|Any CPU
		{EE9A6FFB-660E-4758-8722-DBC3664DAA99}.Debug|Any CPU.Build.0 = Debug|Any CPU
		{EE9A6FFB-660E-4758-8722-DBC3664DAA99}.Release|Any CPU.ActiveCfg = Release|Any CPU
		{EE9A6FFB-660E-4758-8722-DBC3664DAA99}.Release|Any CPU.Build.0 = Release|Any CPU
		{453E3606-E69F-4E6A-B4C5-987B4D9E0BBD}.Debug|Any CPU.ActiveCfg = Debug|Any CPU
		{453E3606-E69F-4E6A-B4C5-987B4D9E0BBD}.Debug|Any CPU.Build.0 = Debug|Any CPU
		{453E3606-E69F-4E6A-B4C5-987B4D9E0BBD}.Release|Any CPU.ActiveCfg = Release|Any CPU
		{453E3606-E69F-4E6A-B4C5-987B4D9E0BBD}.Release|Any CPU.Build.0 = Release|Any CPU
		{162F7F25-5AE8-44ED-A3EF-DEF83F541F31}.Debug|Any CPU.ActiveCfg = Debug|Any CPU
		{162F7F25-5AE8-44ED-A3EF-DEF83F541F31}.Debug|Any CPU.Build.0 = Debug|Any CPU
		{162F7F25-5AE8-44ED-A3EF-DEF83F541F31}.Release|Any CPU.ActiveCfg = Release|Any CPU
		{162F7F25-5AE8-44ED-A3EF-DEF83F541F31}.Release|Any CPU.Build.0 = Release|Any CPU
		{67915698-AC29-452C-B27E-D4F4379F0504}.Debug|Any CPU.ActiveCfg = Debug|Any CPU
		{67915698-AC29-452C-B27E-D4F4379F0504}.Debug|Any CPU.Build.0 = Debug|Any CPU
		{67915698-AC29-452C-B27E-D4F4379F0504}.Release|Any CPU.ActiveCfg = Release|Any CPU
		{67915698-AC29-452C-B27E-D4F4379F0504}.Release|Any CPU.Build.0 = Release|Any CPU
		{A0C38E3F-9C86-45BF-9404-24A5584F4EEF}.Debug|Any CPU.ActiveCfg = Debug|Any CPU
		{A0C38E3F-9C86-45BF-9404-24A5584F4EEF}.Debug|Any CPU.Build.0 = Debug|Any CPU
		{A0C38E3F-9C86-45BF-9404-24A5584F4EEF}.Release|Any CPU.ActiveCfg = Release|Any CPU
		{A0C38E3F-9C86-45BF-9404-24A5584F4EEF}.Release|Any CPU.Build.0 = Release|Any CPU
		{8EDF6136-F58F-4EB8-80B0-82FE1F6A839E}.Debug|Any CPU.ActiveCfg = Debug|Any CPU
		{8EDF6136-F58F-4EB8-80B0-82FE1F6A839E}.Debug|Any CPU.Build.0 = Debug|Any CPU
		{8EDF6136-F58F-4EB8-80B0-82FE1F6A839E}.Release|Any CPU.ActiveCfg = Release|Any CPU
		{8EDF6136-F58F-4EB8-80B0-82FE1F6A839E}.Release|Any CPU.Build.0 = Release|Any CPU
		{95593B78-5AAC-47B8-BEA5-C0BE893AE2F6}.Debug|Any CPU.ActiveCfg = Debug|Any CPU
		{95593B78-5AAC-47B8-BEA5-C0BE893AE2F6}.Debug|Any CPU.Build.0 = Debug|Any CPU
		{95593B78-5AAC-47B8-BEA5-C0BE893AE2F6}.Release|Any CPU.ActiveCfg = Release|Any CPU
		{95593B78-5AAC-47B8-BEA5-C0BE893AE2F6}.Release|Any CPU.Build.0 = Release|Any CPU
		{342C259D-1639-4778-AB7F-57A26E618B43}.Debug|Any CPU.ActiveCfg = Debug|Any CPU
		{342C259D-1639-4778-AB7F-57A26E618B43}.Debug|Any CPU.Build.0 = Debug|Any CPU
		{342C259D-1639-4778-AB7F-57A26E618B43}.Release|Any CPU.ActiveCfg = Release|Any CPU
		{342C259D-1639-4778-AB7F-57A26E618B43}.Release|Any CPU.Build.0 = Release|Any CPU
		{F210933D-93A8-4795-97E4-FBA8F41C39B5}.Debug|Any CPU.ActiveCfg = Debug|Any CPU
		{F210933D-93A8-4795-97E4-FBA8F41C39B5}.Debug|Any CPU.Build.0 = Debug|Any CPU
		{F210933D-93A8-4795-97E4-FBA8F41C39B5}.Release|Any CPU.ActiveCfg = Release|Any CPU
		{F210933D-93A8-4795-97E4-FBA8F41C39B5}.Release|Any CPU.Build.0 = Release|Any CPU
		{20E199B3-BA8F-4463-83D1-82C7FCD8DABE}.Debug|Any CPU.ActiveCfg = Debug|Any CPU
		{20E199B3-BA8F-4463-83D1-82C7FCD8DABE}.Debug|Any CPU.Build.0 = Debug|Any CPU
		{20E199B3-BA8F-4463-83D1-82C7FCD8DABE}.Release|Any CPU.ActiveCfg = Release|Any CPU
		{20E199B3-BA8F-4463-83D1-82C7FCD8DABE}.Release|Any CPU.Build.0 = Release|Any CPU
		{E4EC871E-3049-410E-985C-8DE29A45B9BE}.Debug|Any CPU.ActiveCfg = Debug|Any CPU
		{E4EC871E-3049-410E-985C-8DE29A45B9BE}.Debug|Any CPU.Build.0 = Debug|Any CPU
		{E4EC871E-3049-410E-985C-8DE29A45B9BE}.Release|Any CPU.ActiveCfg = Release|Any CPU
		{E4EC871E-3049-410E-985C-8DE29A45B9BE}.Release|Any CPU.Build.0 = Release|Any CPU
		{1567B8CD-24A8-40B5-9FF4-6F3EC056EC77}.Debug|Any CPU.ActiveCfg = Debug|Any CPU
		{1567B8CD-24A8-40B5-9FF4-6F3EC056EC77}.Debug|Any CPU.Build.0 = Debug|Any CPU
		{1567B8CD-24A8-40B5-9FF4-6F3EC056EC77}.Release|Any CPU.ActiveCfg = Release|Any CPU
		{1567B8CD-24A8-40B5-9FF4-6F3EC056EC77}.Release|Any CPU.Build.0 = Release|Any CPU
		{CF370CE9-4375-425A-9C5F-9C625DCE204D}.Debug|Any CPU.ActiveCfg = Debug|Any CPU
		{CF370CE9-4375-425A-9C5F-9C625DCE204D}.Debug|Any CPU.Build.0 = Debug|Any CPU
		{CF370CE9-4375-425A-9C5F-9C625DCE204D}.Release|Any CPU.ActiveCfg = Release|Any CPU
		{CF370CE9-4375-425A-9C5F-9C625DCE204D}.Release|Any CPU.Build.0 = Release|Any CPU
		{EBB70CFD-AD23-4F8D-915D-72BC154A381A}.Debug|Any CPU.ActiveCfg = Debug|Any CPU
		{EBB70CFD-AD23-4F8D-915D-72BC154A381A}.Debug|Any CPU.Build.0 = Debug|Any CPU
		{EBB70CFD-AD23-4F8D-915D-72BC154A381A}.Release|Any CPU.ActiveCfg = Release|Any CPU
		{EBB70CFD-AD23-4F8D-915D-72BC154A381A}.Release|Any CPU.Build.0 = Release|Any CPU
		{F02713D8-91D3-4E80-A5E2-604D6D024853}.Debug|Any CPU.ActiveCfg = Debug|Any CPU
		{F02713D8-91D3-4E80-A5E2-604D6D024853}.Debug|Any CPU.Build.0 = Debug|Any CPU
		{F02713D8-91D3-4E80-A5E2-604D6D024853}.Release|Any CPU.ActiveCfg = Release|Any CPU
		{F02713D8-91D3-4E80-A5E2-604D6D024853}.Release|Any CPU.Build.0 = Release|Any CPU
		{D9341C40-0ED9-4F3B-928F-9BB16F00B3B6}.Debug|Any CPU.ActiveCfg = Debug|Any CPU
		{D9341C40-0ED9-4F3B-928F-9BB16F00B3B6}.Debug|Any CPU.Build.0 = Debug|Any CPU
		{D9341C40-0ED9-4F3B-928F-9BB16F00B3B6}.Release|Any CPU.ActiveCfg = Release|Any CPU
		{D9341C40-0ED9-4F3B-928F-9BB16F00B3B6}.Release|Any CPU.Build.0 = Release|Any CPU
		{9737A678-C8B2-4A0B-B70B-9BBD46FEC30C}.Debug|Any CPU.ActiveCfg = Debug|Any CPU
		{9737A678-C8B2-4A0B-B70B-9BBD46FEC30C}.Debug|Any CPU.Build.0 = Debug|Any CPU
		{9737A678-C8B2-4A0B-B70B-9BBD46FEC30C}.Release|Any CPU.ActiveCfg = Release|Any CPU
		{9737A678-C8B2-4A0B-B70B-9BBD46FEC30C}.Release|Any CPU.Build.0 = Release|Any CPU
		{AF34A009-408D-4C99-A6FC-AB6679A8A374}.Debug|Any CPU.ActiveCfg = Debug|Any CPU
		{AF34A009-408D-4C99-A6FC-AB6679A8A374}.Debug|Any CPU.Build.0 = Debug|Any CPU
		{AF34A009-408D-4C99-A6FC-AB6679A8A374}.Release|Any CPU.ActiveCfg = Release|Any CPU
		{AF34A009-408D-4C99-A6FC-AB6679A8A374}.Release|Any CPU.Build.0 = Release|Any CPU
		{CC07D7AC-2AD7-4DB9-B1E9-6969CDCCEB4F}.Debug|Any CPU.ActiveCfg = Debug|Any CPU
		{CC07D7AC-2AD7-4DB9-B1E9-6969CDCCEB4F}.Debug|Any CPU.Build.0 = Debug|Any CPU
		{CC07D7AC-2AD7-4DB9-B1E9-6969CDCCEB4F}.Release|Any CPU.ActiveCfg = Release|Any CPU
		{CC07D7AC-2AD7-4DB9-B1E9-6969CDCCEB4F}.Release|Any CPU.Build.0 = Release|Any CPU
		{E395734C-BA29-4513-9A63-C57E08B566D5}.Debug|Any CPU.ActiveCfg = Debug|Any CPU
		{E395734C-BA29-4513-9A63-C57E08B566D5}.Debug|Any CPU.Build.0 = Debug|Any CPU
		{E395734C-BA29-4513-9A63-C57E08B566D5}.Release|Any CPU.ActiveCfg = Release|Any CPU
		{E395734C-BA29-4513-9A63-C57E08B566D5}.Release|Any CPU.Build.0 = Release|Any CPU
		{F25BDD02-F394-4788-827B-F635FC2EFAEF}.Debug|Any CPU.ActiveCfg = Debug|Any CPU
		{F25BDD02-F394-4788-827B-F635FC2EFAEF}.Debug|Any CPU.Build.0 = Debug|Any CPU
		{F25BDD02-F394-4788-827B-F635FC2EFAEF}.Release|Any CPU.ActiveCfg = Release|Any CPU
		{F25BDD02-F394-4788-827B-F635FC2EFAEF}.Release|Any CPU.Build.0 = Release|Any CPU
		{04D968F4-DDBA-4126-A828-C56508035380}.Debug|Any CPU.ActiveCfg = Debug|Any CPU
		{04D968F4-DDBA-4126-A828-C56508035380}.Debug|Any CPU.Build.0 = Debug|Any CPU
		{04D968F4-DDBA-4126-A828-C56508035380}.Release|Any CPU.ActiveCfg = Release|Any CPU
		{04D968F4-DDBA-4126-A828-C56508035380}.Release|Any CPU.Build.0 = Release|Any CPU
		{685A7E1D-382B-4339-9B32-E2E23928C190}.Debug|Any CPU.ActiveCfg = Debug|Any CPU
		{685A7E1D-382B-4339-9B32-E2E23928C190}.Debug|Any CPU.Build.0 = Debug|Any CPU
		{685A7E1D-382B-4339-9B32-E2E23928C190}.Release|Any CPU.ActiveCfg = Release|Any CPU
		{685A7E1D-382B-4339-9B32-E2E23928C190}.Release|Any CPU.Build.0 = Release|Any CPU
		{48967E61-AD01-41CA-AACD-F3451DC50CC1}.Debug|Any CPU.ActiveCfg = Debug|Any CPU
		{48967E61-AD01-41CA-AACD-F3451DC50CC1}.Debug|Any CPU.Build.0 = Debug|Any CPU
		{48967E61-AD01-41CA-AACD-F3451DC50CC1}.Release|Any CPU.ActiveCfg = Release|Any CPU
		{48967E61-AD01-41CA-AACD-F3451DC50CC1}.Release|Any CPU.Build.0 = Release|Any CPU
		{8EDC0423-263F-4F58-A9F1-968C1145A09B}.Debug|Any CPU.ActiveCfg = Debug|Any CPU
		{8EDC0423-263F-4F58-A9F1-968C1145A09B}.Debug|Any CPU.Build.0 = Debug|Any CPU
		{8EDC0423-263F-4F58-A9F1-968C1145A09B}.Release|Any CPU.ActiveCfg = Release|Any CPU
		{8EDC0423-263F-4F58-A9F1-968C1145A09B}.Release|Any CPU.Build.0 = Release|Any CPU
		{6B4F45B0-3760-48C4-B2B0-4DF335112FCD}.Debug|Any CPU.ActiveCfg = Debug|Any CPU
		{6B4F45B0-3760-48C4-B2B0-4DF335112FCD}.Debug|Any CPU.Build.0 = Debug|Any CPU
		{6B4F45B0-3760-48C4-B2B0-4DF335112FCD}.Release|Any CPU.ActiveCfg = Release|Any CPU
		{6B4F45B0-3760-48C4-B2B0-4DF335112FCD}.Release|Any CPU.Build.0 = Release|Any CPU
		{A9A9EC63-41AA-4B69-809C-640772A65D0A}.Debug|Any CPU.ActiveCfg = Debug|Any CPU
		{A9A9EC63-41AA-4B69-809C-640772A65D0A}.Debug|Any CPU.Build.0 = Debug|Any CPU
		{A9A9EC63-41AA-4B69-809C-640772A65D0A}.Release|Any CPU.ActiveCfg = Release|Any CPU
		{A9A9EC63-41AA-4B69-809C-640772A65D0A}.Release|Any CPU.Build.0 = Release|Any CPU
		{CED2BB12-9A83-455E-B9EA-0AAB092679DE}.Debug|Any CPU.ActiveCfg = Debug|Any CPU
		{CED2BB12-9A83-455E-B9EA-0AAB092679DE}.Debug|Any CPU.Build.0 = Debug|Any CPU
		{CED2BB12-9A83-455E-B9EA-0AAB092679DE}.Release|Any CPU.ActiveCfg = Release|Any CPU
		{CED2BB12-9A83-455E-B9EA-0AAB092679DE}.Release|Any CPU.Build.0 = Release|Any CPU
		{A1D22E17-1F19-4162-90E1-3EBABB367BB0}.Debug|Any CPU.ActiveCfg = Debug|Any CPU
		{A1D22E17-1F19-4162-90E1-3EBABB367BB0}.Debug|Any CPU.Build.0 = Debug|Any CPU
		{A1D22E17-1F19-4162-90E1-3EBABB367BB0}.Release|Any CPU.ActiveCfg = Release|Any CPU
		{A1D22E17-1F19-4162-90E1-3EBABB367BB0}.Release|Any CPU.Build.0 = Release|Any CPU
		{51B2A672-2219-4BD5-B157-05697B251210}.Debug|Any CPU.ActiveCfg = Debug|Any CPU
		{51B2A672-2219-4BD5-B157-05697B251210}.Debug|Any CPU.Build.0 = Debug|Any CPU
		{51B2A672-2219-4BD5-B157-05697B251210}.Release|Any CPU.ActiveCfg = Release|Any CPU
		{51B2A672-2219-4BD5-B157-05697B251210}.Release|Any CPU.Build.0 = Release|Any CPU
		{9185B834-AC6A-40EC-A188-5427C0AFC98D}.Debug|Any CPU.ActiveCfg = Debug|Any CPU
		{9185B834-AC6A-40EC-A188-5427C0AFC98D}.Debug|Any CPU.Build.0 = Debug|Any CPU
		{9185B834-AC6A-40EC-A188-5427C0AFC98D}.Release|Any CPU.ActiveCfg = Release|Any CPU
		{9185B834-AC6A-40EC-A188-5427C0AFC98D}.Release|Any CPU.Build.0 = Release|Any CPU
		{22AC6D88-5E5F-4D15-9780-1A58C5821721}.Debug|Any CPU.ActiveCfg = Debug|Any CPU
		{22AC6D88-5E5F-4D15-9780-1A58C5821721}.Debug|Any CPU.Build.0 = Debug|Any CPU
		{22AC6D88-5E5F-4D15-9780-1A58C5821721}.Release|Any CPU.ActiveCfg = Release|Any CPU
		{22AC6D88-5E5F-4D15-9780-1A58C5821721}.Release|Any CPU.Build.0 = Release|Any CPU
		{71693E76-647F-4BAA-A374-64B4D79733CA}.Debug|Any CPU.ActiveCfg = Debug|Any CPU
		{71693E76-647F-4BAA-A374-64B4D79733CA}.Debug|Any CPU.Build.0 = Debug|Any CPU
		{71693E76-647F-4BAA-A374-64B4D79733CA}.Release|Any CPU.ActiveCfg = Release|Any CPU
		{71693E76-647F-4BAA-A374-64B4D79733CA}.Release|Any CPU.Build.0 = Release|Any CPU
		{D144A99E-071A-4AA4-9B5A-C36D16D09E40}.Debug|Any CPU.ActiveCfg = Debug|Any CPU
		{D144A99E-071A-4AA4-9B5A-C36D16D09E40}.Debug|Any CPU.Build.0 = Debug|Any CPU
		{D144A99E-071A-4AA4-9B5A-C36D16D09E40}.Release|Any CPU.ActiveCfg = Release|Any CPU
		{D144A99E-071A-4AA4-9B5A-C36D16D09E40}.Release|Any CPU.Build.0 = Release|Any CPU
		{85CB8F7F-249A-4D43-8BCE-8B3FC2C29B43}.Debug|Any CPU.ActiveCfg = Debug|Any CPU
		{85CB8F7F-249A-4D43-8BCE-8B3FC2C29B43}.Debug|Any CPU.Build.0 = Debug|Any CPU
		{85CB8F7F-249A-4D43-8BCE-8B3FC2C29B43}.Release|Any CPU.ActiveCfg = Release|Any CPU
		{85CB8F7F-249A-4D43-8BCE-8B3FC2C29B43}.Release|Any CPU.Build.0 = Release|Any CPU
		{35E15198-557A-47C5-8651-9E2C76F5CE6B}.Debug|Any CPU.ActiveCfg = Debug|Any CPU
		{35E15198-557A-47C5-8651-9E2C76F5CE6B}.Debug|Any CPU.Build.0 = Debug|Any CPU
		{35E15198-557A-47C5-8651-9E2C76F5CE6B}.Release|Any CPU.ActiveCfg = Release|Any CPU
		{35E15198-557A-47C5-8651-9E2C76F5CE6B}.Release|Any CPU.Build.0 = Release|Any CPU
		{5A73E2C7-4EA5-40BF-91F1-A60D379854FD}.Debug|Any CPU.ActiveCfg = Debug|Any CPU
		{5A73E2C7-4EA5-40BF-91F1-A60D379854FD}.Debug|Any CPU.Build.0 = Debug|Any CPU
		{5A73E2C7-4EA5-40BF-91F1-A60D379854FD}.Release|Any CPU.ActiveCfg = Release|Any CPU
		{5A73E2C7-4EA5-40BF-91F1-A60D379854FD}.Release|Any CPU.Build.0 = Release|Any CPU
		{5917B4F5-2503-45D3-B847-E5731F569958}.Debug|Any CPU.ActiveCfg = Debug|Any CPU
		{5917B4F5-2503-45D3-B847-E5731F569958}.Debug|Any CPU.Build.0 = Debug|Any CPU
		{5917B4F5-2503-45D3-B847-E5731F569958}.Release|Any CPU.ActiveCfg = Release|Any CPU
		{5917B4F5-2503-45D3-B847-E5731F569958}.Release|Any CPU.Build.0 = Release|Any CPU
		{9DAF8CAB-7052-4D68-B8F9-F5033359F919}.Debug|Any CPU.ActiveCfg = Debug|Any CPU
		{9DAF8CAB-7052-4D68-B8F9-F5033359F919}.Debug|Any CPU.Build.0 = Debug|Any CPU
		{9DAF8CAB-7052-4D68-B8F9-F5033359F919}.Release|Any CPU.ActiveCfg = Release|Any CPU
		{9DAF8CAB-7052-4D68-B8F9-F5033359F919}.Release|Any CPU.Build.0 = Release|Any CPU
		{C6AB5151-9ACF-4971-A8D1-3709DD206FE5}.Debug|Any CPU.ActiveCfg = Debug|Any CPU
		{C6AB5151-9ACF-4971-A8D1-3709DD206FE5}.Debug|Any CPU.Build.0 = Debug|Any CPU
		{C6AB5151-9ACF-4971-A8D1-3709DD206FE5}.Release|Any CPU.ActiveCfg = Release|Any CPU
		{C6AB5151-9ACF-4971-A8D1-3709DD206FE5}.Release|Any CPU.Build.0 = Release|Any CPU
		{193820A0-2DA1-40C0-AAD1-69475BE431BA}.Debug|Any CPU.ActiveCfg = Debug|Any CPU
		{193820A0-2DA1-40C0-AAD1-69475BE431BA}.Debug|Any CPU.Build.0 = Debug|Any CPU
		{193820A0-2DA1-40C0-AAD1-69475BE431BA}.Release|Any CPU.ActiveCfg = Release|Any CPU
		{193820A0-2DA1-40C0-AAD1-69475BE431BA}.Release|Any CPU.Build.0 = Release|Any CPU
		{08075379-87C2-4C0E-B3D2-64277F85538D}.Debug|Any CPU.ActiveCfg = Debug|Any CPU
		{08075379-87C2-4C0E-B3D2-64277F85538D}.Debug|Any CPU.Build.0 = Debug|Any CPU
		{08075379-87C2-4C0E-B3D2-64277F85538D}.Release|Any CPU.ActiveCfg = Release|Any CPU
		{08075379-87C2-4C0E-B3D2-64277F85538D}.Release|Any CPU.Build.0 = Release|Any CPU
		{8B3D8880-BA5F-4693-8F21-EA651655F313}.Debug|Any CPU.ActiveCfg = Debug|Any CPU
		{8B3D8880-BA5F-4693-8F21-EA651655F313}.Debug|Any CPU.Build.0 = Debug|Any CPU
		{8B3D8880-BA5F-4693-8F21-EA651655F313}.Release|Any CPU.ActiveCfg = Release|Any CPU
		{8B3D8880-BA5F-4693-8F21-EA651655F313}.Release|Any CPU.Build.0 = Release|Any CPU
		{64CF9864-C877-4401-B340-D96D20480409}.Debug|Any CPU.ActiveCfg = Debug|Any CPU
		{64CF9864-C877-4401-B340-D96D20480409}.Debug|Any CPU.Build.0 = Debug|Any CPU
		{64CF9864-C877-4401-B340-D96D20480409}.Release|Any CPU.ActiveCfg = Release|Any CPU
		{64CF9864-C877-4401-B340-D96D20480409}.Release|Any CPU.Build.0 = Release|Any CPU
		{50A2FA67-C9D8-48A3-86F1-DB64354EF343}.Debug|Any CPU.ActiveCfg = Debug|Any CPU
		{50A2FA67-C9D8-48A3-86F1-DB64354EF343}.Debug|Any CPU.Build.0 = Debug|Any CPU
		{50A2FA67-C9D8-48A3-86F1-DB64354EF343}.Release|Any CPU.ActiveCfg = Release|Any CPU
		{50A2FA67-C9D8-48A3-86F1-DB64354EF343}.Release|Any CPU.Build.0 = Release|Any CPU
		{E96399AA-ADDF-458F-B192-4A72490FCCEC}.Debug|Any CPU.ActiveCfg = Debug|Any CPU
		{E96399AA-ADDF-458F-B192-4A72490FCCEC}.Debug|Any CPU.Build.0 = Debug|Any CPU
		{E96399AA-ADDF-458F-B192-4A72490FCCEC}.Release|Any CPU.ActiveCfg = Release|Any CPU
		{E96399AA-ADDF-458F-B192-4A72490FCCEC}.Release|Any CPU.Build.0 = Release|Any CPU
		{829B33E8-AC23-4043-9E4D-CC28D89C530E}.Debug|Any CPU.ActiveCfg = Debug|Any CPU
		{829B33E8-AC23-4043-9E4D-CC28D89C530E}.Debug|Any CPU.Build.0 = Debug|Any CPU
		{829B33E8-AC23-4043-9E4D-CC28D89C530E}.Release|Any CPU.ActiveCfg = Release|Any CPU
		{829B33E8-AC23-4043-9E4D-CC28D89C530E}.Release|Any CPU.Build.0 = Release|Any CPU
		{FC77C0C0-4900-47C4-BEC2-D8AB42494FF2}.Debug|Any CPU.ActiveCfg = Debug|Any CPU
		{FC77C0C0-4900-47C4-BEC2-D8AB42494FF2}.Debug|Any CPU.Build.0 = Debug|Any CPU
		{FC77C0C0-4900-47C4-BEC2-D8AB42494FF2}.Release|Any CPU.ActiveCfg = Release|Any CPU
		{FC77C0C0-4900-47C4-BEC2-D8AB42494FF2}.Release|Any CPU.Build.0 = Release|Any CPU
		{B97B0872-C2A2-4967-86A8-7B0765CB2E51}.Debug|Any CPU.ActiveCfg = Debug|Any CPU
		{B97B0872-C2A2-4967-86A8-7B0765CB2E51}.Debug|Any CPU.Build.0 = Debug|Any CPU
		{B97B0872-C2A2-4967-86A8-7B0765CB2E51}.Release|Any CPU.ActiveCfg = Release|Any CPU
		{B97B0872-C2A2-4967-86A8-7B0765CB2E51}.Release|Any CPU.Build.0 = Release|Any CPU
		{A988A328-F402-4AD4-80F8-451CE5E837D5}.Debug|Any CPU.ActiveCfg = Debug|Any CPU
		{A988A328-F402-4AD4-80F8-451CE5E837D5}.Debug|Any CPU.Build.0 = Debug|Any CPU
		{A988A328-F402-4AD4-80F8-451CE5E837D5}.Release|Any CPU.ActiveCfg = Release|Any CPU
		{A988A328-F402-4AD4-80F8-451CE5E837D5}.Release|Any CPU.Build.0 = Release|Any CPU
		{D5645491-6A84-4740-BDF4-F0CB77B00988}.Debug|Any CPU.ActiveCfg = Debug|Any CPU
		{D5645491-6A84-4740-BDF4-F0CB77B00988}.Debug|Any CPU.Build.0 = Debug|Any CPU
		{D5645491-6A84-4740-BDF4-F0CB77B00988}.Release|Any CPU.ActiveCfg = Release|Any CPU
		{D5645491-6A84-4740-BDF4-F0CB77B00988}.Release|Any CPU.Build.0 = Release|Any CPU
		{78501151-F096-47F1-85FE-5C23F871F78E}.Debug|Any CPU.ActiveCfg = Debug|Any CPU
		{78501151-F096-47F1-85FE-5C23F871F78E}.Debug|Any CPU.Build.0 = Debug|Any CPU
		{78501151-F096-47F1-85FE-5C23F871F78E}.Release|Any CPU.ActiveCfg = Release|Any CPU
		{78501151-F096-47F1-85FE-5C23F871F78E}.Release|Any CPU.Build.0 = Release|Any CPU
		{F72F47F4-7FE1-4E6A-B373-BD16B3B645C0}.Debug|Any CPU.ActiveCfg = Debug|Any CPU
		{F72F47F4-7FE1-4E6A-B373-BD16B3B645C0}.Debug|Any CPU.Build.0 = Debug|Any CPU
		{F72F47F4-7FE1-4E6A-B373-BD16B3B645C0}.Release|Any CPU.ActiveCfg = Release|Any CPU
		{F72F47F4-7FE1-4E6A-B373-BD16B3B645C0}.Release|Any CPU.Build.0 = Release|Any CPU
		{0B9C8864-F447-48E9-A78C-9FBE8F65BE36}.Debug|Any CPU.ActiveCfg = Debug|Any CPU
		{0B9C8864-F447-48E9-A78C-9FBE8F65BE36}.Debug|Any CPU.Build.0 = Debug|Any CPU
		{0B9C8864-F447-48E9-A78C-9FBE8F65BE36}.Release|Any CPU.ActiveCfg = Release|Any CPU
		{0B9C8864-F447-48E9-A78C-9FBE8F65BE36}.Release|Any CPU.Build.0 = Release|Any CPU
		{744C3E94-28E9-4A47-B241-4B79751D1B39}.Debug|Any CPU.ActiveCfg = Debug|Any CPU
		{744C3E94-28E9-4A47-B241-4B79751D1B39}.Debug|Any CPU.Build.0 = Debug|Any CPU
		{744C3E94-28E9-4A47-B241-4B79751D1B39}.Release|Any CPU.ActiveCfg = Release|Any CPU
		{744C3E94-28E9-4A47-B241-4B79751D1B39}.Release|Any CPU.Build.0 = Release|Any CPU
		{51BD04E0-8ED7-4C90-AD56-186811601AA2}.Debug|Any CPU.ActiveCfg = Debug|Any CPU
		{51BD04E0-8ED7-4C90-AD56-186811601AA2}.Debug|Any CPU.Build.0 = Debug|Any CPU
		{51BD04E0-8ED7-4C90-AD56-186811601AA2}.Release|Any CPU.ActiveCfg = Release|Any CPU
		{51BD04E0-8ED7-4C90-AD56-186811601AA2}.Release|Any CPU.Build.0 = Release|Any CPU
		{E14F53B4-E493-49F4-862B-C828CB4FA143}.Debug|Any CPU.ActiveCfg = Debug|Any CPU
		{E14F53B4-E493-49F4-862B-C828CB4FA143}.Debug|Any CPU.Build.0 = Debug|Any CPU
		{E14F53B4-E493-49F4-862B-C828CB4FA143}.Release|Any CPU.ActiveCfg = Release|Any CPU
		{E14F53B4-E493-49F4-862B-C828CB4FA143}.Release|Any CPU.Build.0 = Release|Any CPU
		{7AD9F561-1D80-4411-B61F-029C66B00059}.Debug|Any CPU.ActiveCfg = Debug|Any CPU
		{7AD9F561-1D80-4411-B61F-029C66B00059}.Debug|Any CPU.Build.0 = Debug|Any CPU
		{7AD9F561-1D80-4411-B61F-029C66B00059}.Release|Any CPU.ActiveCfg = Release|Any CPU
		{7AD9F561-1D80-4411-B61F-029C66B00059}.Release|Any CPU.Build.0 = Release|Any CPU
		{FD0BEEE2-1F09-4E4D-A9D3-2A71CF9CC20E}.Debug|Any CPU.ActiveCfg = Debug|Any CPU
		{FD0BEEE2-1F09-4E4D-A9D3-2A71CF9CC20E}.Debug|Any CPU.Build.0 = Debug|Any CPU
		{FD0BEEE2-1F09-4E4D-A9D3-2A71CF9CC20E}.Release|Any CPU.ActiveCfg = Release|Any CPU
		{FD0BEEE2-1F09-4E4D-A9D3-2A71CF9CC20E}.Release|Any CPU.Build.0 = Release|Any CPU
		{DF3B86A2-06E2-4B1F-AF07-DD787E8744E6}.Debug|Any CPU.ActiveCfg = Debug|Any CPU
		{DF3B86A2-06E2-4B1F-AF07-DD787E8744E6}.Debug|Any CPU.Build.0 = Debug|Any CPU
		{DF3B86A2-06E2-4B1F-AF07-DD787E8744E6}.Release|Any CPU.ActiveCfg = Release|Any CPU
		{DF3B86A2-06E2-4B1F-AF07-DD787E8744E6}.Release|Any CPU.Build.0 = Release|Any CPU
		{E26E7700-EBBC-47CB-8431-A05CEDD5CD9E}.Debug|Any CPU.ActiveCfg = Debug|Any CPU
		{E26E7700-EBBC-47CB-8431-A05CEDD5CD9E}.Debug|Any CPU.Build.0 = Debug|Any CPU
		{E26E7700-EBBC-47CB-8431-A05CEDD5CD9E}.Release|Any CPU.ActiveCfg = Release|Any CPU
		{E26E7700-EBBC-47CB-8431-A05CEDD5CD9E}.Release|Any CPU.Build.0 = Release|Any CPU
	EndGlobalSection
	GlobalSection(SolutionProperties) = preSolution
		HideSolutionNode = FALSE
	EndGlobalSection
	GlobalSection(NestedProjects) = preSolution
		{78CF9316-20E4-CC4F-9DEC-14A0AC9B28A8} = {D85432E9-9364-46E1-A730-8107C92C2E8C}
		{D85432E9-9364-46E1-A730-8107C92C2E8C} = {02EA681E-C7D8-13C7-8484-4AC65E1B71E8}
		{035A6EC8-5B97-3D6A-798D-F65FEC901AD9} = {D85432E9-9364-46E1-A730-8107C92C2E8C}
		{5DD7639B-3D92-96C9-C54B-9DFE4618C800} = {D85432E9-9364-46E1-A730-8107C92C2E8C}
		{C317066C-5B14-B4BF-375A-D19506C55EF9} = {D85432E9-9364-46E1-A730-8107C92C2E8C}
		{DC5E7D3E-F781-874E-AF64-222830EE57CF} = {D85432E9-9364-46E1-A730-8107C92C2E8C}
		{5ED0AEEE-8FB4-92B6-9743-ACFD2F3091DD} = {D85432E9-9364-46E1-A730-8107C92C2E8C}
		{9CDADD65-BE6C-C94A-C077-A058C320F32A} = {D85432E9-9364-46E1-A730-8107C92C2E8C}
		{4733E891-33AA-17D5-5D80-0D074F8804A6} = {D85432E9-9364-46E1-A730-8107C92C2E8C}
		{B0F4C713-3C7C-48F5-A6DB-B9BE98DF5D11} = {05EC0284-FEE0-4722-AE53-6FBFFDDFA876}
		{0898554E-C9E6-40EE-ACB4-D18EEAF51D80} = {B0F4C713-3C7C-48F5-A6DB-B9BE98DF5D11}
		{9889272B-0709-43C2-AE6B-C54B6354A8A4} = {B0F4C713-3C7C-48F5-A6DB-B9BE98DF5D11}
		{B8DE1BBA-8F0B-4581-9823-7E8F1AFE030A} = {B0F4C713-3C7C-48F5-A6DB-B9BE98DF5D11}
		{BCD8B8AE-BFD7-461F-BA98-73B54A22F322} = {B0F4C713-3C7C-48F5-A6DB-B9BE98DF5D11}
		{BD7B966A-B6F3-4BEC-99A8-4AEE73C5DE30} = {B0F4C713-3C7C-48F5-A6DB-B9BE98DF5D11}
		{C392F988-6BE0-4233-A9AE-882280EB2EB9} = {B0F4C713-3C7C-48F5-A6DB-B9BE98DF5D11}
		{23E40088-6E01-4112-8F3F-3156E7430FF2} = {B0F4C713-3C7C-48F5-A6DB-B9BE98DF5D11}
		{EE9A6FFB-660E-4758-8722-DBC3664DAA99} = {B0F4C713-3C7C-48F5-A6DB-B9BE98DF5D11}
		{453E3606-E69F-4E6A-B4C5-987B4D9E0BBD} = {B0F4C713-3C7C-48F5-A6DB-B9BE98DF5D11}
		{162F7F25-5AE8-44ED-A3EF-DEF83F541F31} = {B0F4C713-3C7C-48F5-A6DB-B9BE98DF5D11}
		{67915698-AC29-452C-B27E-D4F4379F0504} = {B0F4C713-3C7C-48F5-A6DB-B9BE98DF5D11}
		{A0C38E3F-9C86-45BF-9404-24A5584F4EEF} = {B0F4C713-3C7C-48F5-A6DB-B9BE98DF5D11}
		{8EDF6136-F58F-4EB8-80B0-82FE1F6A839E} = {B0F4C713-3C7C-48F5-A6DB-B9BE98DF5D11}
		{95593B78-5AAC-47B8-BEA5-C0BE893AE2F6} = {B0F4C713-3C7C-48F5-A6DB-B9BE98DF5D11}
		{342C259D-1639-4778-AB7F-57A26E618B43} = {B0F4C713-3C7C-48F5-A6DB-B9BE98DF5D11}
		{F210933D-93A8-4795-97E4-FBA8F41C39B5} = {B0F4C713-3C7C-48F5-A6DB-B9BE98DF5D11}
		{20E199B3-BA8F-4463-83D1-82C7FCD8DABE} = {B0F4C713-3C7C-48F5-A6DB-B9BE98DF5D11}
		{E4EC871E-3049-410E-985C-8DE29A45B9BE} = {B0F4C713-3C7C-48F5-A6DB-B9BE98DF5D11}
		{BFDEEE1D-D23A-4152-A7BD-DE31366E09F1} = {F5CBE03D-1D53-497C-9472-56BA9C7DE832}
		{1567B8CD-24A8-40B5-9FF4-6F3EC056EC77} = {BFDEEE1D-D23A-4152-A7BD-DE31366E09F1}
		{CF370CE9-4375-425A-9C5F-9C625DCE204D} = {BFDEEE1D-D23A-4152-A7BD-DE31366E09F1}
		{EBB70CFD-AD23-4F8D-915D-72BC154A381A} = {BFDEEE1D-D23A-4152-A7BD-DE31366E09F1}
		{F02713D8-91D3-4E80-A5E2-604D6D024853} = {BFDEEE1D-D23A-4152-A7BD-DE31366E09F1}
		{D9341C40-0ED9-4F3B-928F-9BB16F00B3B6} = {BFDEEE1D-D23A-4152-A7BD-DE31366E09F1}
		{9737A678-C8B2-4A0B-B70B-9BBD46FEC30C} = {BFDEEE1D-D23A-4152-A7BD-DE31366E09F1}
		{AF34A009-408D-4C99-A6FC-AB6679A8A374} = {BFDEEE1D-D23A-4152-A7BD-DE31366E09F1}
		{CC07D7AC-2AD7-4DB9-B1E9-6969CDCCEB4F} = {BFDEEE1D-D23A-4152-A7BD-DE31366E09F1}
		{E395734C-BA29-4513-9A63-C57E08B566D5} = {BFDEEE1D-D23A-4152-A7BD-DE31366E09F1}
		{F25BDD02-F394-4788-827B-F635FC2EFAEF} = {BFDEEE1D-D23A-4152-A7BD-DE31366E09F1}
		{04D968F4-DDBA-4126-A828-C56508035380} = {BFDEEE1D-D23A-4152-A7BD-DE31366E09F1}
		{685A7E1D-382B-4339-9B32-E2E23928C190} = {BFDEEE1D-D23A-4152-A7BD-DE31366E09F1}
		{48967E61-AD01-41CA-AACD-F3451DC50CC1} = {BFDEEE1D-D23A-4152-A7BD-DE31366E09F1}
		{8EDC0423-263F-4F58-A9F1-968C1145A09B} = {BFDEEE1D-D23A-4152-A7BD-DE31366E09F1}
		{6B4F45B0-3760-48C4-B2B0-4DF335112FCD} = {BFDEEE1D-D23A-4152-A7BD-DE31366E09F1}
		{A9A9EC63-41AA-4B69-809C-640772A65D0A} = {BFDEEE1D-D23A-4152-A7BD-DE31366E09F1}
		{CED2BB12-9A83-455E-B9EA-0AAB092679DE} = {BFDEEE1D-D23A-4152-A7BD-DE31366E09F1}
		{A1D22E17-1F19-4162-90E1-3EBABB367BB0} = {BFDEEE1D-D23A-4152-A7BD-DE31366E09F1}
		{51B2A672-2219-4BD5-B157-05697B251210} = {BFDEEE1D-D23A-4152-A7BD-DE31366E09F1}
		{9185B834-AC6A-40EC-A188-5427C0AFC98D} = {BFDEEE1D-D23A-4152-A7BD-DE31366E09F1}
		{22AC6D88-5E5F-4D15-9780-1A58C5821721} = {BFDEEE1D-D23A-4152-A7BD-DE31366E09F1}
		{71693E76-647F-4BAA-A374-64B4D79733CA} = {BFDEEE1D-D23A-4152-A7BD-DE31366E09F1}
		{D144A99E-071A-4AA4-9B5A-C36D16D09E40} = {BFDEEE1D-D23A-4152-A7BD-DE31366E09F1}
		{85CB8F7F-249A-4D43-8BCE-8B3FC2C29B43} = {BFDEEE1D-D23A-4152-A7BD-DE31366E09F1}
		{35E15198-557A-47C5-8651-9E2C76F5CE6B} = {BFDEEE1D-D23A-4152-A7BD-DE31366E09F1}
		{5A73E2C7-4EA5-40BF-91F1-A60D379854FD} = {BFDEEE1D-D23A-4152-A7BD-DE31366E09F1}
		{0F8BB2D8-418E-4CA3-AA8E-6490AAF56DFD} = {1B0F6E07-ABF3-4190-B3BA-1FFC820233C2}
		{5917B4F5-2503-45D3-B847-E5731F569958} = {0F8BB2D8-418E-4CA3-AA8E-6490AAF56DFD}
		{9DAF8CAB-7052-4D68-B8F9-F5033359F919} = {0F8BB2D8-418E-4CA3-AA8E-6490AAF56DFD}
		{C6AB5151-9ACF-4971-A8D1-3709DD206FE5} = {0F8BB2D8-418E-4CA3-AA8E-6490AAF56DFD}
		{193820A0-2DA1-40C0-AAD1-69475BE431BA} = {0F8BB2D8-418E-4CA3-AA8E-6490AAF56DFD}
		{08075379-87C2-4C0E-B3D2-64277F85538D} = {0F8BB2D8-418E-4CA3-AA8E-6490AAF56DFD}
		{8B3D8880-BA5F-4693-8F21-EA651655F313} = {0F8BB2D8-418E-4CA3-AA8E-6490AAF56DFD}
		{64CF9864-C877-4401-B340-D96D20480409} = {0F8BB2D8-418E-4CA3-AA8E-6490AAF56DFD}
		{50A2FA67-C9D8-48A3-86F1-DB64354EF343} = {0F8BB2D8-418E-4CA3-AA8E-6490AAF56DFD}
		{E96399AA-ADDF-458F-B192-4A72490FCCEC} = {0F8BB2D8-418E-4CA3-AA8E-6490AAF56DFD}
		{829B33E8-AC23-4043-9E4D-CC28D89C530E} = {0F8BB2D8-418E-4CA3-AA8E-6490AAF56DFD}
		{FC77C0C0-4900-47C4-BEC2-D8AB42494FF2} = {0F8BB2D8-418E-4CA3-AA8E-6490AAF56DFD}
		{B97B0872-C2A2-4967-86A8-7B0765CB2E51} = {0F8BB2D8-418E-4CA3-AA8E-6490AAF56DFD}
		{A988A328-F402-4AD4-80F8-451CE5E837D5} = {0F8BB2D8-418E-4CA3-AA8E-6490AAF56DFD}
		{D5645491-6A84-4740-BDF4-F0CB77B00988} = {0F8BB2D8-418E-4CA3-AA8E-6490AAF56DFD}
		{78501151-F096-47F1-85FE-5C23F871F78E} = {0F8BB2D8-418E-4CA3-AA8E-6490AAF56DFD}
		{F72F47F4-7FE1-4E6A-B373-BD16B3B645C0} = {0F8BB2D8-418E-4CA3-AA8E-6490AAF56DFD}
		{0B9C8864-F447-48E9-A78C-9FBE8F65BE36} = {0F8BB2D8-418E-4CA3-AA8E-6490AAF56DFD}
		{744C3E94-28E9-4A47-B241-4B79751D1B39} = {0F8BB2D8-418E-4CA3-AA8E-6490AAF56DFD}
		{51BD04E0-8ED7-4C90-AD56-186811601AA2} = {0F8BB2D8-418E-4CA3-AA8E-6490AAF56DFD}
		{E14F53B4-E493-49F4-862B-C828CB4FA143} = {0F8BB2D8-418E-4CA3-AA8E-6490AAF56DFD}
		{7AD9F561-1D80-4411-B61F-029C66B00059} = {0F8BB2D8-418E-4CA3-AA8E-6490AAF56DFD}
		{FD0BEEE2-1F09-4E4D-A9D3-2A71CF9CC20E} = {0F8BB2D8-418E-4CA3-AA8E-6490AAF56DFD}
		{DF3B86A2-06E2-4B1F-AF07-DD787E8744E6} = {0F8BB2D8-418E-4CA3-AA8E-6490AAF56DFD}
		{E26E7700-EBBC-47CB-8431-A05CEDD5CD9E} = {0F8BB2D8-418E-4CA3-AA8E-6490AAF56DFD}
	EndGlobalSection
	GlobalSection(ExtensibilityGlobals) = postSolution
		SolutionGuid = {1E2E642E-3DE2-4269-A4CF-D632969CB3F8}
	EndGlobalSection
EndGlobal
