
Microsoft Visual Studio Solution File, Format Version 12.00
# Visual Studio Version 17
VisualStudioVersion = 17.14.37502.11
MinimumVisualStudioVersion = 10.0.40219.1
Project("{FAE04EC0-301F-11D3-BF4B-00C04F79EFBC}") = "SayHello", "D:\ps\SayHello\SayHello.csproj", "{78CF9316-20E4-CC4F-9DEC-14A0AC9B28A8}"
EndProject
Project("{2150E333-8FDC-42A3-9474-1A3956D46DE8}") = "DataTypes", "DataTypes", "{02EA681E-C7D8-13C7-8484-4AC65E1B71E8}"
EndProject
Project("{2150E333-8FDC-42A3-9474-1A3956D46DE8}") = "ASSIUT Sheet", "ASSIUT Sheet", "{D85432E9-9364-46E1-A730-8107C92C2E8C}"
EndProject
Project("{FAE04EC0-301F-11D3-BF4B-00C04F79EFBC}") = "BasicDataTypes", "D:\ps\BasicDataTypes\BasicDataTypes.csproj", "{035A6EC8-5B97-3D6A-798D-F65FEC901AD9}"
EndProject
Project("{FAE04EC0-301F-11D3-BF4B-00C04F79EFBC}") = "SimpleCalculator", "D:\ps\SimpleCalculator\SimpleCalculator.csproj", "{5DD7639B-3D92-96C9-C54B-9DFE4618C800}"
EndProject
Project("{FAE04EC0-301F-11D3-BF4B-00C04F79EFBC}") = "Difference", "D:\ps\Difference\Difference.csproj", "{C317066C-5B14-B4BF-375A-D19506C55EF9}"
EndProject
Project("{FAE04EC0-301F-11D3-BF4B-00C04F79EFBC}") = "AreaOfCircle", "D:\ps\AreaOfCircle\AreaOfCircle.csproj", "{DC5E7D3E-F781-874E-AF64-222830EE57CF}"
EndProject
Project("{FAE04EC0-301F-11D3-BF4B-00C04F79EFBC}") = "DigitsSummation", "D:\ps\DigitsSummation\DigitsSummation.csproj", "{5ED0AEEE-8FB4-92B6-9743-ACFD2F3091DD}"
EndProject
Project("{FAE04EC0-301F-11D3-BF4B-00C04F79EFBC}") = "SummationFrom1ToN", "D:\ps\SummationFrom1ToN\SummationFrom1ToN.csproj", "{9CDADD65-BE6C-C94A-C077-A058C320F32A}"
EndProject
Project("{FAE04EC0-301F-11D3-BF4B-00C04F79EFBC}") = "TwoNumbers", "D:\ps\TwoNumbers\TwoNumbers.csproj", "{4733E891-33AA-17D5-5D80-0D074F8804A6}"
EndProject
Project("{2150E333-8FDC-42A3-9474-1A3956D46DE8}") = "Conditions", "Conditions", "{05EC0284-FEE0-4722-AE53-6FBFFDDFA876}"
EndProject
Project("{2150E333-8FDC-42A3-9474-1A3956D46DE8}") = "ASSIUT Sheet", "ASSIUT Sheet", "{B0F4C713-3C7C-48F5-A6DB-B9BE98DF5D11}"
EndProject
Project("{FAE04EC0-301F-11D3-BF4B-00C04F79EFBC}") = "CapitalOrSmallOrDigit", "CapitalOrSmallOrDigit\CapitalOrSmallOrDigit.csproj", "{0898554E-C9E6-40EE-ACB4-D18EEAF51D80}"
EndProject
Project("{FAE04EC0-301F-11D3-BF4B-00C04F79EFBC}") = "Char", "Char\Char.csproj", "{9889272B-0709-43C2-AE6B-C54B6354A8A4}"
EndProject
Project("{FAE04EC0-301F-11D3-BF4B-00C04F79EFBC}") = "FirstDigit", "FirstDigit\FirstDigit.csproj", "{B8DE1BBA-8F0B-4581-9823-7E8F1AFE030A}"
EndProject
Project("{FAE04EC0-301F-11D3-BF4B-00C04F79EFBC}") = "Calculator", "Calculator\Calculator.csproj", "{BCD8B8AE-BFD7-461F-BA98-73B54A22F322}"
EndProject
Project("{FAE04EC0-301F-11D3-BF4B-00C04F79EFBC}") = "CoordinatesOfPoint", "CoordinatesOfPoint\CoordinatesOfPoint.csproj", "{BD7B966A-B6F3-4BEC-99A8-4AEE73C5DE30}"
EndProject
Project("{FAE04EC0-301F-11D3-BF4B-00C04F79EFBC}") = "AgeInDays", "AgeInDays\AgeInDays.csproj", "{C392F988-6BE0-4233-A9AE-882280EB2EB9}"
EndProject
Project("{FAE04EC0-301F-11D3-BF4B-00C04F79EFBC}") = "Interval", "Interval\Interval.csproj", "{23E40088-6E01-4112-8F3F-3156E7430FF2}"
EndProject
Project("{FAE04EC0-301F-11D3-BF4B-00C04F79EFBC}") = "SortNumbers", "SortNumbers\SortNumbers.csproj", "{EE9A6FFB-660E-4758-8722-DBC3664DAA99}"
EndProject
Project("{FAE04EC0-301F-11D3-BF4B-00C04F79EFBC}") = "Comparison", "Comparison\Comparison.csproj", "{453E3606-E69F-4E6A-B4C5-987B4D9E0BBD}"
EndProject
Project("{FAE04EC0-301F-11D3-BF4B-00C04F79EFBC}") = "FloatOrInt", "FloatOrInt\FloatOrInt.csproj", "{162F7F25-5AE8-44ED-A3EF-DEF83F541F31}"
EndProject
Project("{FAE04EC0-301F-11D3-BF4B-00C04F79EFBC}") = "MathematicalExpression", "MathematicalExpression\MathematicalExpression.csproj", "{67915698-AC29-452C-B27E-D4F4379F0504}"
EndProject
Project("{FAE04EC0-301F-11D3-BF4B-00C04F79EFBC}") = "TwoIntervals", "TwoIntervals\TwoIntervals.csproj", "{A0C38E3F-9C86-45BF-9404-24A5584F4EEF}"
EndProject
Project("{FAE04EC0-301F-11D3-BF4B-00C04F79EFBC}") = "TheLast2Digits", "TheLast2Digits\TheLast2Digits.csproj", "{8EDF6136-F58F-4EB8-80B0-82FE1F6A839E}"
EndProject
Project("{FAE04EC0-301F-11D3-BF4B-00C04F79EFBC}") = "HardCompare", "HardCompare\HardCompare.csproj", "{95593B78-5AAC-47B8-BEA5-C0BE893AE2F6}"
EndProject
Project("{FAE04EC0-301F-11D3-BF4B-00C04F79EFBC}") = "TheBrothers", "TheBrothers\TheBrothers.csproj", "{342C259D-1639-4778-AB7F-57A26E618B43}"
EndProject
Project("{FAE04EC0-301F-11D3-BF4B-00C04F79EFBC}") = "Max&Min", "Max&Min\Max&Min.csproj", "{F210933D-93A8-4795-97E4-FBA8F41C39B5}"
EndProject
Project("{FAE04EC0-301F-11D3-BF4B-00C04F79EFBC}") = "Multiples", "Multiples\Multiples.csproj", "{20E199B3-BA8F-4463-83D1-82C7FCD8DABE}"
EndProject
Project("{FAE04EC0-301F-11D3-BF4B-00C04F79EFBC}") = "WelcomeForYouWithConditions", "WelcomeForYouWithConditions\WelcomeForYouWithConditions.csproj", "{E4EC871E-3049-410E-985C-8DE29A45B9BE}"
EndProject
Project("{2150E333-8FDC-42A3-9474-1A3956D46DE8}") = "Loops", "Loops", "{F5CBE03D-1D53-497C-9472-56BA9C7DE832}"
EndProject
Project("{2150E333-8FDC-42A3-9474-1A3956D46DE8}") = "ASSIUT Sheet", "ASSIUT Sheet", "{BFDEEE1D-D23A-4152-A7BD-DE31366E09F1}"
EndProject
Project("{FAE04EC0-301F-11D3-BF4B-00C04F79EFBC}") = "1ToN", "1ToN\1ToN.csproj", "{1567B8CD-24A8-40B5-9FF4-6F3EC056EC77}"
EndProject
Project("{FAE04EC0-301F-11D3-BF4B-00C04F79EFBC}") = "EvenNumbers", "EvenNumbers\EvenNumbers.csproj", "{CF370CE9-4375-425A-9C5F-9C625DCE204D}"
EndProject
Global
	GlobalSection(SolutionConfigurationPlatforms) = preSolution
		Debug|Any CPU = Debug|Any CPU
		Release|Any CPU = Release|Any CPU
	EndGlobalSection
	GlobalSection(ProjectConfigurationPlatforms) = postSolution
		{78CF9316-20E4-CC4F-9DEC-14A0AC9B28A8}.Debug|Any CPU.ActiveCfg = Debug|Any CPU
		{78CF9316-20E4-CC4F-9DEC-14A0AC9B28A8}.Debug|Any CPU.Build.0 = Debug|Any CPU
		{78CF9316-20E4-CC4F-9DEC-14A0AC9B28A8}.Release|Any CPU.ActiveCfg = Release|Any CPU
		{78CF9316-20E4-CC4F-9DEC-14A0AC9B28A8}.Release|Any CPU.Build.0 = Release|Any CPU
		{035A6EC8-5B97-3D6A-798D-F65FEC901AD9}.Debug|Any CPU.ActiveCfg = Debug|Any CPU
		{035A6EC8-5B97-3D6A-798D-F65FEC901AD9}.Debug|Any CPU.Build.0 = Debug|Any CPU
		{035A6EC8-5B97-3D6A-798D-F65FEC901AD9}.Release|Any CPU.ActiveCfg = Release|Any CPU
		{035A6EC8-5B97-3D6A-798D-F65FEC901AD9}.Release|Any CPU.Build.0 = Release|Any CPU
		{5DD7639B-3D92-96C9-C54B-9DFE4618C800}.Debug|Any CPU.ActiveCfg = Debug|Any CPU
		{5DD7639B-3D92-96C9-C54B-9DFE4618C800}.Debug|Any CPU.Build.0 = Debug|Any CPU
		{5DD7639B-3D92-96C9-C54B-9DFE4618C800}.Release|Any CPU.ActiveCfg = Release|Any CPU
		{5DD7639B-3D92-96C9-C54B-9DFE4618C800}.Release|Any CPU.Build.0 = Release|Any CPU
		{C317066C-5B14-B4BF-375A-D19506C55EF9}.Debug|Any CPU.ActiveCfg = Debug|Any CPU
		{C317066C-5B14-B4BF-375A-D19506C55EF9}.Debug|Any CPU.Build.0 = Debug|Any CPU
		{C317066C-5B14-B4BF-375A-D19506C55EF9}.Release|Any CPU.ActiveCfg = Release|Any CPU
		{C317066C-5B14-B4BF-375A-D19506C55EF9}.Release|Any CPU.Build.0 = Release|Any CPU
		{DC5E7D3E-F781-874E-AF64-222830EE57CF}.Debug|Any CPU.ActiveCfg = Debug|Any CPU
		{DC5E7D3E-F781-874E-AF64-222830EE57CF}.Debug|Any CPU.Build.0 = Debug|Any CPU
		{DC5E7D3E-F781-874E-AF64-222830EE57CF}.Release|Any CPU.ActiveCfg = Release|Any CPU
		{DC5E7D3E-F781-874E-AF64-222830EE57CF}.Release|Any CPU.Build.0 = Release|Any CPU
		{5ED0AEEE-8FB4-92B6-9743-ACFD2F3091DD}.Debug|Any CPU.ActiveCfg = Debug|Any CPU
		{5ED0AEEE-8FB4-92B6-9743-ACFD2F3091DD}.Debug|Any CPU.Build.0 = Debug|Any CPU
		{5ED0AEEE-8FB4-92B6-9743-ACFD2F3091DD}.Release|Any CPU.ActiveCfg = Release|Any CPU
		{5ED0AEEE-8FB4-92B6-9743-ACFD2F3091DD}.Release|Any CPU.Build.0 = Release|Any CPU
		{9CDADD65-BE6C-C94A-C077-A058C320F32A}.Debug|Any CPU.ActiveCfg = Debug|Any CPU
		{9CDADD65-BE6C-C94A-C077-A058C320F32A}.Debug|Any CPU.Build.0 = Debug|Any CPU
		{9CDADD65-BE6C-C94A-C077-A058C320F32A}.Release|Any CPU.ActiveCfg = Release|Any CPU
		{9CDADD65-BE6C-C94A-C077-A058C320F32A}.Release|Any CPU.Build.0 = Release|Any CPU
		{4733E891-33AA-17D5-5D80-0D074F8804A6}.Debug|Any CPU.ActiveCfg = Debug|Any CPU
		{4733E891-33AA-17D5-5D80-0D074F8804A6}.Debug|Any CPU.Build.0 = Debug|Any CPU
		{4733E891-33AA-17D5-5D80-0D074F8804A6}.Release|Any CPU.ActiveCfg = Release|Any CPU
		{4733E891-33AA-17D5-5D80-0D074F8804A6}.Release|Any CPU.Build.0 = Release|Any CPU
		{0898554E-C9E6-40EE-ACB4-D18EEAF51D80}.Debug|Any CPU.ActiveCfg = Debug|Any CPU
		{0898554E-C9E6-40EE-ACB4-D18EEAF51D80}.Debug|Any CPU.Build.0 = Debug|Any CPU
		{0898554E-C9E6-40EE-ACB4-D18EEAF51D80}.Release|Any CPU.ActiveCfg = Release|Any CPU
		{0898554E-C9E6-40EE-ACB4-D18EEAF51D80}.Release|Any CPU.Build.0 = Release|Any CPU
		{9889272B-0709-43C2-AE6B-C54B6354A8A4}.Debug|Any CPU.ActiveCfg = Debug|Any CPU
		{9889272B-0709-43C2-AE6B-C54B6354A8A4}.Debug|Any CPU.Build.0 = Debug|Any CPU
		{9889272B-0709-43C2-AE6B-C54B6354A8A4}.Release|Any CPU.ActiveCfg = Release|Any CPU
		{9889272B-0709-43C2-AE6B-C54B6354A8A4}.Release|Any CPU.Build.0 = Release|Any CPU
		{B8DE1BBA-8F0B-4581-9823-7E8F1AFE030A}.Debug|Any CPU.ActiveCfg = Debug|Any CPU
		{B8DE1BBA-8F0B-4581-9823-7E8F1AFE030A}.Debug|Any CPU.Build.0 = Debug|Any CPU
		{B8DE1BBA-8F0B-4581-9823-7E8F1AFE030A}.Release|Any CPU.ActiveCfg = Release|Any CPU
		{B8DE1BBA-8F0B-4581-9823-7E8F1AFE030A}.Release|Any CPU.Build.0 = Release|Any CPU
		{BCD8B8AE-BFD7-461F-BA98-73B54A22F322}.Debug|Any CPU.ActiveCfg = Debug|Any CPU
		{BCD8B8AE-BFD7-461F-BA98-73B54A22F322}.Debug|Any CPU.Build.0 = Debug|Any CPU
		{BCD8B8AE-BFD7-461F-BA98-73B54A22F322}.Release|Any CPU.ActiveCfg = Release|Any CPU
		{BCD8B8AE-BFD7-461F-BA98-73B54A22F322}.Release|Any CPU.Build.0 = Release|Any CPU
		{BD7B966A-B6F3-4BEC-99A8-4AEE73C5DE30}.Debug|Any CPU.ActiveCfg = Debug|Any CPU
		{BD7B966A-B6F3-4BEC-99A8-4AEE73C5DE30}.Debug|Any CPU.Build.0 = Debug|Any CPU
		{BD7B966A-B6F3-4BEC-99A8-4AEE73C5DE30}.Release|Any CPU.ActiveCfg = Release|Any CPU
		{BD7B966A-B6F3-4BEC-99A8-4AEE73C5DE30}.Release|Any CPU.Build.0 = Release|Any CPU
		{C392F988-6BE0-4233-A9AE-882280EB2EB9}.Debug|Any CPU.ActiveCfg = Debug|Any CPU
		{C392F988-6BE0-4233-A9AE-882280EB2EB9}.Debug|Any CPU.Build.0 = Debug|Any CPU
		{C392F988-6BE0-4233-A9AE-882280EB2EB9}.Release|Any CPU.ActiveCfg = Release|Any CPU
		{C392F988-6BE0-4233-A9AE-882280EB2EB9}.Release|Any CPU.Build.0 = Release|Any CPU
		{23E40088-6E01-4112-8F3F-3156E7430FF2}.Debug|Any CPU.ActiveCfg = Debug|Any CPU
		{23E40088-6E01-4112-8F3F-3156E7430FF2}.Debug|Any CPU.Build.0 = Debug|Any CPU
		{23E40088-6E01-4112-8F3F-3156E7430FF2}.Release|Any CPU.ActiveCfg = Release|Any CPU
		{23E40088-6E01-4112-8F3F-3156E7430FF2}.Release|Any CPU.Build.0 = Release|Any CPU
		{EE9A6FFB-660E-4758-8722-DBC3664DAA99}.Debug|Any CPU.ActiveCfg = Debug|Any CPU
		{EE9A6FFB-660E-4758-8722-DBC3664DAA99}.Debug|Any CPU.Build.0 = Debug|Any CPU
		{EE9A6FFB-660E-4758-8722-DBC3664DAA99}.Release|Any CPU.ActiveCfg = Release|Any CPU
		{EE9A6FFB-660E-4758-8722-DBC3664DAA99}.Release|Any CPU.Build.0 = Release|Any CPU
		{453E3606-E69F-4E6A-B4C5-987B4D9E0BBD}.Debug|Any CPU.ActiveCfg = Debug|Any CPU
		{453E3606-E69F-4E6A-B4C5-987B4D9E0BBD}.Debug|Any CPU.Build.0 = Debug|Any CPU
		{453E3606-E69F-4E6A-B4C5-987B4D9E0BBD}.Release|Any CPU.ActiveCfg = Release|Any CPU
		{453E3606-E69F-4E6A-B4C5-987B4D9E0BBD}.Release|Any CPU.Build.0 = Release|Any CPU
		{162F7F25-5AE8-44ED-A3EF-DEF83F541F31}.Debug|Any CPU.ActiveCfg = Debug|Any CPU
		{162F7F25-5AE8-44ED-A3EF-DEF83F541F31}.Debug|Any CPU.Build.0 = Debug|Any CPU
		{162F7F25-5AE8-44ED-A3EF-DEF83F541F31}.Release|Any CPU.ActiveCfg = Release|Any CPU
		{162F7F25-5AE8-44ED-A3EF-DEF83F541F31}.Release|Any CPU.Build.0 = Release|Any CPU
		{67915698-AC29-452C-B27E-D4F4379F0504}.Debug|Any CPU.ActiveCfg = Debug|Any CPU
		{67915698-AC29-452C-B27E-D4F4379F0504}.Debug|Any CPU.Build.0 = Debug|Any CPU
		{67915698-AC29-452C-B27E-D4F4379F0504}.Release|Any CPU.ActiveCfg = Release|Any CPU
		{67915698-AC29-452C-B27E-D4F4379F0504}.Release|Any CPU.Build.0 = Release|Any CPU
		{A0C38E3F-9C86-45BF-9404-24A5584F4EEF}.Debug|Any CPU.ActiveCfg = Debug|Any CPU
		{A0C38E3F-9C86-45BF-9404-24A5584F4EEF}.Debug|Any CPU.Build.0 = Debug|Any CPU
		{A0C38E3F-9C86-45BF-9404-24A5584F4EEF}.Release|Any CPU.ActiveCfg = Release|Any CPU
		{A0C38E3F-9C86-45BF-9404-24A5584F4EEF}.Release|Any CPU.Build.0 = Release|Any CPU
		{8EDF6136-F58F-4EB8-80B0-82FE1F6A839E}.Debug|Any CPU.ActiveCfg = Debug|Any CPU
		{8EDF6136-F58F-4EB8-80B0-82FE1F6A839E}.Debug|Any CPU.Build.0 = Debug|Any CPU
		{8EDF6136-F58F-4EB8-80B0-82FE1F6A839E}.Release|Any CPU.ActiveCfg = Release|Any CPU
		{8EDF6136-F58F-4EB8-80B0-82FE1F6A839E}.Release|Any CPU.Build.0 = Release|Any CPU
		{95593B78-5AAC-47B8-BEA5-C0BE893AE2F6}.Debug|Any CPU.ActiveCfg = Debug|Any CPU
		{95593B78-5AAC-47B8-BEA5-C0BE893AE2F6}.Debug|Any CPU.Build.0 = Debug|Any CPU
		{95593B78-5AAC-47B8-BEA5-C0BE893AE2F6}.Release|Any CPU.ActiveCfg = Release|Any CPU
		{95593B78-5AAC-47B8-BEA5-C0BE893AE2F6}.Release|Any CPU.Build.0 = Release|Any CPU
		{342C259D-1639-4778-AB7F-57A26E618B43}.Debug|Any CPU.ActiveCfg = Debug|Any CPU
		{342C259D-1639-4778-AB7F-57A26E618B43}.Debug|Any CPU.Build.0 = Debug|Any CPU
		{342C259D-1639-4778-AB7F-57A26E618B43}.Release|Any CPU.ActiveCfg = Release|Any CPU
		{342C259D-1639-4778-AB7F-57A26E618B43}.Release|Any CPU.Build.0 = Release|Any CPU
		{F210933D-93A8-4795-97E4-FBA8F41C39B5}.Debug|Any CPU.ActiveCfg = Debug|Any CPU
		{F210933D-93A8-4795-97E4-FBA8F41C39B5}.Debug|Any CPU.Build.0 = Debug|Any CPU
		{F210933D-93A8-4795-97E4-FBA8F41C39B5}.Release|Any CPU.ActiveCfg = Release|Any CPU
		{F210933D-93A8-4795-97E4-FBA8F41C39B5}.Release|Any CPU.Build.0 = Release|Any CPU
		{20E199B3-BA8F-4463-83D1-82C7FCD8DABE}.Debug|Any CPU.ActiveCfg = Debug|Any CPU
		{20E199B3-BA8F-4463-83D1-82C7FCD8DABE}.Debug|Any CPU.Build.0 = Debug|Any CPU
		{20E199B3-BA8F-4463-83D1-82C7FCD8DABE}.Release|Any CPU.ActiveCfg = Release|Any CPU
		{20E199B3-BA8F-4463-83D1-82C7FCD8DABE}.Release|Any CPU.Build.0 = Release|Any CPU
		{E4EC871E-3049-410E-985C-8DE29A45B9BE}.Debug|Any CPU.ActiveCfg = Debug|Any CPU
		{E4EC871E-3049-410E-985C-8DE29A45B9BE}.Debug|Any CPU.Build.0 = Debug|Any CPU
		{E4EC871E-3049-410E-985C-8DE29A45B9BE}.Release|Any CPU.ActiveCfg = Release|Any CPU
		{E4EC871E-3049-410E-985C-8DE29A45B9BE}.Release|Any CPU.Build.0 = Release|Any CPU
		{1567B8CD-24A8-40B5-9FF4-6F3EC056EC77}.Debug|Any CPU.ActiveCfg = Debug|Any CPU
		{1567B8CD-24A8-40B5-9FF4-6F3EC056EC77}.Debug|Any CPU.Build.0 = Debug|Any CPU
		{1567B8CD-24A8-40B5-9FF4-6F3EC056EC77}.Release|Any CPU.ActiveCfg = Release|Any CPU
		{1567B8CD-24A8-40B5-9FF4-6F3EC056EC77}.Release|Any CPU.Build.0 = Release|Any CPU
		{CF370CE9-4375-425A-9C5F-9C625DCE204D}.Debug|Any CPU.ActiveCfg = Debug|Any CPU
		{CF370CE9-4375-425A-9C5F-9C625DCE204D}.Debug|Any CPU.Build.0 = Debug|Any CPU
		{CF370CE9-4375-425A-9C5F-9C625DCE204D}.Release|Any CPU.ActiveCfg = Release|Any CPU
		{CF370CE9-4375-425A-9C5F-9C625DCE204D}.Release|Any CPU.Build.0 = Release|Any CPU
	EndGlobalSection
	GlobalSection(SolutionProperties) = preSolution
		HideSolutionNode = FALSE
	EndGlobalSection
	GlobalSection(NestedProjects) = preSolution
		{78CF9316-20E4-CC4F-9DEC-14A0AC9B28A8} = {D85432E9-9364-46E1-A730-8107C92C2E8C}
		{D85432E9-9364-46E1-A730-8107C92C2E8C} = {02EA681E-C7D8-13C7-8484-4AC65E1B71E8}
		{035A6EC8-5B97-3D6A-798D-F65FEC901AD9} = {D85432E9-9364-46E1-A730-8107C92C2E8C}
		{5DD7639B-3D92-96C9-C54B-9DFE4618C800} = {D85432E9-9364-46E1-A730-8107C92C2E8C}
		{C317066C-5B14-B4BF-375A-D19506C55EF9} = {D85432E9-9364-46E1-A730-8107C92C2E8C}
		{DC5E7D3E-F781-874E-AF64-222830EE57CF} = {D85432E9-9364-46E1-A730-8107C92C2E8C}
		{5ED0AEEE-8FB4-92B6-9743-ACFD2F3091DD} = {D85432E9-9364-46E1-A730-8107C92C2E8C}
		{9CDADD65-BE6C-C94A-C077-A058C320F32A} = {D85432E9-9364-46E1-A730-8107C92C2E8C}
		{4733E891-33AA-17D5-5D80-0D074F8804A6} = {D85432E9-9364-46E1-A730-8107C92C2E8C}
		{B0F4C713-3C7C-48F5-A6DB-B9BE98DF5D11} = {05EC0284-FEE0-4722-AE53-6FBFFDDFA876}
		{0898554E-C9E6-40EE-ACB4-D18EEAF51D80} = {B0F4C713-3C7C-48F5-A6DB-B9BE98DF5D11}
		{9889272B-0709-43C2-AE6B-C54B6354A8A4} = {B0F4C713-3C7C-48F5-A6DB-B9BE98DF5D11}
		{B8DE1BBA-8F0B-4581-9823-7E8F1AFE030A} = {B0F4C713-3C7C-48F5-A6DB-B9BE98DF5D11}
		{BCD8B8AE-BFD7-461F-BA98-73B54A22F322} = {B0F4C713-3C7C-48F5-A6DB-B9BE98DF5D11}
		{BD7B966A-B6F3-4BEC-99A8-4AEE73C5DE30} = {B0F4C713-3C7C-48F5-A6DB-B9BE98DF5D11}
		{C392F988-6BE0-4233-A9AE-882280EB2EB9} = {B0F4C713-3C7C-48F5-A6DB-B9BE98DF5D11}
		{23E40088-6E01-4112-8F3F-3156E7430FF2} = {B0F4C713-3C7C-48F5-A6DB-B9BE98DF5D11}
		{EE9A6FFB-660E-4758-8722-DBC3664DAA99} = {B0F4C713-3C7C-48F5-A6DB-B9BE98DF5D11}
		{453E3606-E69F-4E6A-B4C5-987B4D9E0BBD} = {B0F4C713-3C7C-48F5-A6DB-B9BE98DF5D11}
		{162F7F25-5AE8-44ED-A3EF-DEF83F541F31} = {B0F4C713-3C7C-48F5-A6DB-B9BE98DF5D11}
		{67915698-AC29-452C-B27E-D4F4379F0504} = {B0F4C713-3C7C-48F5-A6DB-B9BE98DF5D11}
		{A0C38E3F-9C86-45BF-9404-24A5584F4EEF} = {B0F4C713-3C7C-48F5-A6DB-B9BE98DF5D11}
		{8EDF6136-F58F-4EB8-80B0-82FE1F6A839E} = {B0F4C713-3C7C-48F5-A6DB-B9BE98DF5D11}
		{95593B78-5AAC-47B8-BEA5-C0BE893AE2F6} = {B0F4C713-3C7C-48F5-A6DB-B9BE98DF5D11}
		{342C259D-1639-4778-AB7F-57A26E618B43} = {B0F4C713-3C7C-48F5-A6DB-B9BE98DF5D11}
		{F210933D-93A8-4795-97E4-FBA8F41C39B5} = {B0F4C713-3C7C-48F5-A6DB-B9BE98DF5D11}
		{20E199B3-BA8F-4463-83D1-82C7FCD8DABE} = {B0F4C713-3C7C-48F5-A6DB-B9BE98DF5D11}
		{E4EC871E-3049-410E-985C-8DE29A45B9BE} = {B0F4C713-3C7C-48F5-A6DB-B9BE98DF5D11}
		{BFDEEE1D-D23A-4152-A7BD-DE31366E09F1} = {F5CBE03D-1D53-497C-9472-56BA9C7DE832}
		{1567B8CD-24A8-40B5-9FF4-6F3EC056EC77} = {BFDEEE1D-D23A-4152-A7BD-DE31366E09F1}
		{CF370CE9-4375-425A-9C5F-9C625DCE204D} = {BFDEEE1D-D23A-4152-A7BD-DE31366E09F1}
	EndGlobalSection
	GlobalSection(ExtensibilityGlobals) = postSolution
		SolutionGuid = {1E2E642E-3DE2-4269-A4CF-D632969CB3F8}
	EndGlobalSection
EndGlobal
